// !$*UTF8*$!
{
	archiveVersion = 1;
	classes = {
	};
	objectVersion = 55;
	objects = {

/* Begin PBXBuildFile section */
		2112A899293A608C00129304 /* WellcomeView.swift in Sources */ = {isa = PBXBuildFile; fileRef = 2112A898293A608C00129304 /* WellcomeView.swift */; };
		214A0FEB29379445002D2EE3 /* upwork_matchApp.swift in Sources */ = {isa = PBXBuildFile; fileRef = 214A0FEA29379445002D2EE3 /* upwork_matchApp.swift */; };
		214A0FED29379445002D2EE3 /* ContentView.swift in Sources */ = {isa = PBXBuildFile; fileRef = 214A0FEC29379445002D2EE3 /* ContentView.swift */; };
		214A0FEF29379446002D2EE3 /* Assets.xcassets in Resources */ = {isa = PBXBuildFile; fileRef = 214A0FEE29379446002D2EE3 /* Assets.xcassets */; };
		214A0FF229379446002D2EE3 /* Preview Assets.xcassets in Resources */ = {isa = PBXBuildFile; fileRef = 214A0FF129379446002D2EE3 /* Preview Assets.xcassets */; };
		214A0FFB2937948B002D2EE3 /* DiscoverView.swift in Sources */ = {isa = PBXBuildFile; fileRef = 214A0FFA2937948B002D2EE3 /* DiscoverView.swift */; };
		214A0FFD2937963E002D2EE3 /* SplashScreenView.swift in Sources */ = {isa = PBXBuildFile; fileRef = 214A0FFC2937963E002D2EE3 /* SplashScreenView.swift */; };
		214A10002937966E002D2EE3 /* Extentions.swift in Sources */ = {isa = PBXBuildFile; fileRef = 214A0FFF2937966E002D2EE3 /* Extentions.swift */; };
		214A100229379693002D2EE3 /* Constant.swift in Sources */ = {isa = PBXBuildFile; fileRef = 214A100129379693002D2EE3 /* Constant.swift */; };
		214A1005293799CA002D2EE3 /* TabBarView.swift in Sources */ = {isa = PBXBuildFile; fileRef = 214A1004293799CA002D2EE3 /* TabBarView.swift */; };
		214A100929379A6A002D2EE3 /* ProfileView.swift in Sources */ = {isa = PBXBuildFile; fileRef = 214A100829379A6A002D2EE3 /* ProfileView.swift */; };
		214A100B29379AE8002D2EE3 /* SplashScreeViewModel.swift in Sources */ = {isa = PBXBuildFile; fileRef = 214A100A29379AE8002D2EE3 /* SplashScreeViewModel.swift */; };
		214A100D2937A4A7002D2EE3 /* HomeViewModel.swift in Sources */ = {isa = PBXBuildFile; fileRef = 214A100C2937A4A7002D2EE3 /* HomeViewModel.swift */; };
		214A100F2937A99D002D2EE3 /* Profile.swift in Sources */ = {isa = PBXBuildFile; fileRef = 214A100E2937A99D002D2EE3 /* Profile.swift */; };
		214A10122937AA63002D2EE3 /* SDWebImageSwiftUI in Frameworks */ = {isa = PBXBuildFile; productRef = 214A10112937AA63002D2EE3 /* SDWebImageSwiftUI */; };
		214A10152937B597002D2EE3 /* HomeView.swift in Sources */ = {isa = PBXBuildFile; fileRef = 214A10142937B597002D2EE3 /* HomeView.swift */; };
		216E2F2C29384B38006FF871 /* OpenSans-ExtraBold.ttf in Resources */ = {isa = PBXBuildFile; fileRef = 216E2F2029384B38006FF871 /* OpenSans-ExtraBold.ttf */; };
		216E2F2D29384B38006FF871 /* OpenSans-SemiBoldItalic.ttf in Resources */ = {isa = PBXBuildFile; fileRef = 216E2F2129384B38006FF871 /* OpenSans-SemiBoldItalic.ttf */; };
		216E2F2E29384B38006FF871 /* OpenSans-Bold.ttf in Resources */ = {isa = PBXBuildFile; fileRef = 216E2F2229384B38006FF871 /* OpenSans-Bold.ttf */; };
		216E2F2F29384B38006FF871 /* OpenSans-Medium.ttf in Resources */ = {isa = PBXBuildFile; fileRef = 216E2F2329384B38006FF871 /* OpenSans-Medium.ttf */; };
		216E2F3029384B38006FF871 /* OpenSans-ExtraBoldItalic.ttf in Resources */ = {isa = PBXBuildFile; fileRef = 216E2F2429384B38006FF871 /* OpenSans-ExtraBoldItalic.ttf */; };
		216E2F3129384B38006FF871 /* OpenSans-Light.ttf in Resources */ = {isa = PBXBuildFile; fileRef = 216E2F2529384B38006FF871 /* OpenSans-Light.ttf */; };
		216E2F3229384B38006FF871 /* OpenSans-BoldItalic.ttf in Resources */ = {isa = PBXBuildFile; fileRef = 216E2F2629384B38006FF871 /* OpenSans-BoldItalic.ttf */; };
		216E2F3329384B38006FF871 /* OpenSans-Italic.ttf in Resources */ = {isa = PBXBuildFile; fileRef = 216E2F2729384B38006FF871 /* OpenSans-Italic.ttf */; };
		216E2F3429384B38006FF871 /* OpenSans-LightItalic.ttf in Resources */ = {isa = PBXBuildFile; fileRef = 216E2F2829384B38006FF871 /* OpenSans-LightItalic.ttf */; };
		216E2F3529384B38006FF871 /* OpenSans-MediumItalic.ttf in Resources */ = {isa = PBXBuildFile; fileRef = 216E2F2929384B38006FF871 /* OpenSans-MediumItalic.ttf */; };
		216E2F3629384B38006FF871 /* OpenSans-Regular.ttf in Resources */ = {isa = PBXBuildFile; fileRef = 216E2F2A29384B38006FF871 /* OpenSans-Regular.ttf */; };
		216E2F3729384B38006FF871 /* OpenSans-SemiBold.ttf in Resources */ = {isa = PBXBuildFile; fileRef = 216E2F2B29384B38006FF871 /* OpenSans-SemiBold.ttf */; };
		216E2F3A29384CD8006FF871 /* BottomSheet.swift in Sources */ = {isa = PBXBuildFile; fileRef = 216E2F3929384CD8006FF871 /* BottomSheet.swift */; };
		216E2F3C29384DD3006FF871 /* ProfileFilterSheet.swift in Sources */ = {isa = PBXBuildFile; fileRef = 216E2F3B29384DD3006FF871 /* ProfileFilterSheet.swift */; };
		216E2F3E29385213006FF871 /* SwiftUISlider.swift in Sources */ = {isa = PBXBuildFile; fileRef = 216E2F3D29385213006FF871 /* SwiftUISlider.swift */; };
		216E2F402938596D006FF871 /* ProfileAndLikeView.swift in Sources */ = {isa = PBXBuildFile; fileRef = 216E2F3F2938596D006FF871 /* ProfileAndLikeView.swift */; };
		216E2F42293873EA006FF871 /* CustomAlert.swift in Sources */ = {isa = PBXBuildFile; fileRef = 216E2F41293873EA006FF871 /* CustomAlert.swift */; };
		21C723DE2938932200C4B961 /* MyPlusView.swift in Sources */ = {isa = PBXBuildFile; fileRef = 21C723DD2938932200C4B961 /* MyPlusView.swift */; };
		21C723E029389AF200C4B961 /* SettingsView.swift in Sources */ = {isa = PBXBuildFile; fileRef = 21C723DF29389AF200C4B961 /* SettingsView.swift */; };
		21C723E229389D5D00C4B961 /* EditProfileView.swift in Sources */ = {isa = PBXBuildFile; fileRef = 21C723E129389D5D00C4B961 /* EditProfileView.swift */; };
		21E41D0C2938B57D00227BAA /* EditViewModel.swift in Sources */ = {isa = PBXBuildFile; fileRef = 21E41D0B2938B57D00227BAA /* EditViewModel.swift */; };
		21E41D0E2938B5F600227BAA /* ImagePicker.swift in Sources */ = {isa = PBXBuildFile; fileRef = 21E41D0D2938B5F600227BAA /* ImagePicker.swift */; };
		21E41D102938B63600227BAA /* Functions.swift in Sources */ = {isa = PBXBuildFile; fileRef = 21E41D0F2938B63600227BAA /* Functions.swift */; };
		21E41D122938B99400227BAA /* CustomActionSheet.swift in Sources */ = {isa = PBXBuildFile; fileRef = 21E41D112938B99400227BAA /* CustomActionSheet.swift */; };
		21E41D142938F8B800227BAA /* ReorderableForEach.swift in Sources */ = {isa = PBXBuildFile; fileRef = 21E41D132938F8B800227BAA /* ReorderableForEach.swift */; };
		21E41D172938FC6400227BAA /* AppSetting.swift in Sources */ = {isa = PBXBuildFile; fileRef = 21E41D162938FC6400227BAA /* AppSetting.swift */; };
		21E41D192938FE2200227BAA /* SettingViewModel.swift in Sources */ = {isa = PBXBuildFile; fileRef = 21E41D182938FE2200227BAA /* SettingViewModel.swift */; };
		21E41D1C293995CF00227BAA /* CreateAccountView.swift in Sources */ = {isa = PBXBuildFile; fileRef = 21E41D1B293995CF00227BAA /* CreateAccountView.swift */; };
		21E41D1E293995DA00227BAA /* CreateAccountViewModel.swift in Sources */ = {isa = PBXBuildFile; fileRef = 21E41D1D293995DA00227BAA /* CreateAccountViewModel.swift */; };
		21E41D2029399F4A00227BAA /* SigninView.swift in Sources */ = {isa = PBXBuildFile; fileRef = 21E41D1F29399F4A00227BAA /* SigninView.swift */; };
		21E41D242939A11000227BAA /* SignInViewModel.swift in Sources */ = {isa = PBXBuildFile; fileRef = 21E41D232939A11000227BAA /* SignInViewModel.swift */; };
		21E41D262939A61100227BAA /* AdaptsToKeyboard.swift in Sources */ = {isa = PBXBuildFile; fileRef = 21E41D252939A61100227BAA /* AdaptsToKeyboard.swift */; };
		21E41D282939AEBF00227BAA /* InputPhoneView.swift in Sources */ = {isa = PBXBuildFile; fileRef = 21E41D272939AEBF00227BAA /* InputPhoneView.swift */; };
		21E41D2A2939AECA00227BAA /* InputVerifyCodeView.swift in Sources */ = {isa = PBXBuildFile; fileRef = 21E41D292939AECA00227BAA /* InputVerifyCodeView.swift */; };
		21E41D2D2939BF9C00227BAA /* SignupView.swift in Sources */ = {isa = PBXBuildFile; fileRef = 21E41D2C2939BF9C00227BAA /* SignupView.swift */; };
		21E41D2F2939BFBF00227BAA /* SignupInfoView.swift in Sources */ = {isa = PBXBuildFile; fileRef = 21E41D2E2939BFBF00227BAA /* SignupInfoView.swift */; };
		21E41D312939C1C400227BAA /* PageControl.swift in Sources */ = {isa = PBXBuildFile; fileRef = 21E41D302939C1C400227BAA /* PageControl.swift */; };
		21E41D332939C6E600227BAA /* SignUpViewModel.swift in Sources */ = {isa = PBXBuildFile; fileRef = 21E41D322939C6E600227BAA /* SignUpViewModel.swift */; };
/* End PBXBuildFile section */

/* Begin PBXFileReference section */
		2112A898293A608C00129304 /* WellcomeView.swift */ = {isa = PBXFileReference; lastKnownFileType = sourcecode.swift; path = WellcomeView.swift; sourceTree = "<group>"; };
		214A0FE729379445002D2EE3 /* upwork-match.app */ = {isa = PBXFileReference; explicitFileType = wrapper.application; includeInIndex = 0; path = "upwork-match.app"; sourceTree = BUILT_PRODUCTS_DIR; };
		214A0FEA29379445002D2EE3 /* upwork_matchApp.swift */ = {isa = PBXFileReference; lastKnownFileType = sourcecode.swift; path = upwork_matchApp.swift; sourceTree = "<group>"; };
		214A0FEC29379445002D2EE3 /* ContentView.swift */ = {isa = PBXFileReference; lastKnownFileType = sourcecode.swift; path = ContentView.swift; sourceTree = "<group>"; };
		214A0FEE29379446002D2EE3 /* Assets.xcassets */ = {isa = PBXFileReference; lastKnownFileType = folder.assetcatalog; path = Assets.xcassets; sourceTree = "<group>"; };
		214A0FF129379446002D2EE3 /* Preview Assets.xcassets */ = {isa = PBXFileReference; lastKnownFileType = folder.assetcatalog; path = "Preview Assets.xcassets"; sourceTree = "<group>"; };
		214A0FFA2937948B002D2EE3 /* DiscoverView.swift */ = {isa = PBXFileReference; lastKnownFileType = sourcecode.swift; path = DiscoverView.swift; sourceTree = "<group>"; };
		214A0FFC2937963E002D2EE3 /* SplashScreenView.swift */ = {isa = PBXFileReference; lastKnownFileType = sourcecode.swift; path = SplashScreenView.swift; sourceTree = "<group>"; };
		214A0FFF2937966E002D2EE3 /* Extentions.swift */ = {isa = PBXFileReference; lastKnownFileType = sourcecode.swift; path = Extentions.swift; sourceTree = "<group>"; };
		214A100129379693002D2EE3 /* Constant.swift */ = {isa = PBXFileReference; lastKnownFileType = sourcecode.swift; path = Constant.swift; sourceTree = "<group>"; };
		214A1004293799CA002D2EE3 /* TabBarView.swift */ = {isa = PBXFileReference; lastKnownFileType = sourcecode.swift; path = TabBarView.swift; sourceTree = "<group>"; };
		214A100829379A6A002D2EE3 /* ProfileView.swift */ = {isa = PBXFileReference; lastKnownFileType = sourcecode.swift; path = ProfileView.swift; sourceTree = "<group>"; };
		214A100A29379AE8002D2EE3 /* SplashScreeViewModel.swift */ = {isa = PBXFileReference; lastKnownFileType = sourcecode.swift; path = SplashScreeViewModel.swift; sourceTree = "<group>"; };
		214A100C2937A4A7002D2EE3 /* HomeViewModel.swift */ = {isa = PBXFileReference; lastKnownFileType = sourcecode.swift; path = HomeViewModel.swift; sourceTree = "<group>"; };
		214A100E2937A99D002D2EE3 /* Profile.swift */ = {isa = PBXFileReference; lastKnownFileType = sourcecode.swift; path = Profile.swift; sourceTree = "<group>"; };
		214A10142937B597002D2EE3 /* HomeView.swift */ = {isa = PBXFileReference; lastKnownFileType = sourcecode.swift; path = HomeView.swift; sourceTree = "<group>"; };
		216E2F2029384B38006FF871 /* OpenSans-ExtraBold.ttf */ = {isa = PBXFileReference; lastKnownFileType = file; path = "OpenSans-ExtraBold.ttf"; sourceTree = "<group>"; };
		216E2F2129384B38006FF871 /* OpenSans-SemiBoldItalic.ttf */ = {isa = PBXFileReference; lastKnownFileType = file; path = "OpenSans-SemiBoldItalic.ttf"; sourceTree = "<group>"; };
		216E2F2229384B38006FF871 /* OpenSans-Bold.ttf */ = {isa = PBXFileReference; lastKnownFileType = file; path = "OpenSans-Bold.ttf"; sourceTree = "<group>"; };
		216E2F2329384B38006FF871 /* OpenSans-Medium.ttf */ = {isa = PBXFileReference; lastKnownFileType = file; path = "OpenSans-Medium.ttf"; sourceTree = "<group>"; };
		216E2F2429384B38006FF871 /* OpenSans-ExtraBoldItalic.ttf */ = {isa = PBXFileReference; lastKnownFileType = file; path = "OpenSans-ExtraBoldItalic.ttf"; sourceTree = "<group>"; };
		216E2F2529384B38006FF871 /* OpenSans-Light.ttf */ = {isa = PBXFileReference; lastKnownFileType = file; path = "OpenSans-Light.ttf"; sourceTree = "<group>"; };
		216E2F2629384B38006FF871 /* OpenSans-BoldItalic.ttf */ = {isa = PBXFileReference; lastKnownFileType = file; path = "OpenSans-BoldItalic.ttf"; sourceTree = "<group>"; };
		216E2F2729384B38006FF871 /* OpenSans-Italic.ttf */ = {isa = PBXFileReference; lastKnownFileType = file; path = "OpenSans-Italic.ttf"; sourceTree = "<group>"; };
		216E2F2829384B38006FF871 /* OpenSans-LightItalic.ttf */ = {isa = PBXFileReference; lastKnownFileType = file; path = "OpenSans-LightItalic.ttf"; sourceTree = "<group>"; };
		216E2F2929384B38006FF871 /* OpenSans-MediumItalic.ttf */ = {isa = PBXFileReference; lastKnownFileType = file; path = "OpenSans-MediumItalic.ttf"; sourceTree = "<group>"; };
		216E2F2A29384B38006FF871 /* OpenSans-Regular.ttf */ = {isa = PBXFileReference; lastKnownFileType = file; path = "OpenSans-Regular.ttf"; sourceTree = "<group>"; };
		216E2F2B29384B38006FF871 /* OpenSans-SemiBold.ttf */ = {isa = PBXFileReference; lastKnownFileType = file; path = "OpenSans-SemiBold.ttf"; sourceTree = "<group>"; };
		216E2F3929384CD8006FF871 /* BottomSheet.swift */ = {isa = PBXFileReference; lastKnownFileType = sourcecode.swift; path = BottomSheet.swift; sourceTree = "<group>"; };
		216E2F3B29384DD3006FF871 /* ProfileFilterSheet.swift */ = {isa = PBXFileReference; lastKnownFileType = sourcecode.swift; path = ProfileFilterSheet.swift; sourceTree = "<group>"; };
		216E2F3D29385213006FF871 /* SwiftUISlider.swift */ = {isa = PBXFileReference; lastKnownFileType = sourcecode.swift; path = SwiftUISlider.swift; sourceTree = "<group>"; };
		216E2F3F2938596D006FF871 /* ProfileAndLikeView.swift */ = {isa = PBXFileReference; lastKnownFileType = sourcecode.swift; path = ProfileAndLikeView.swift; sourceTree = "<group>"; };
		216E2F41293873EA006FF871 /* CustomAlert.swift */ = {isa = PBXFileReference; lastKnownFileType = sourcecode.swift; path = CustomAlert.swift; sourceTree = "<group>"; };
		21C723DD2938932200C4B961 /* MyPlusView.swift */ = {isa = PBXFileReference; lastKnownFileType = sourcecode.swift; path = MyPlusView.swift; sourceTree = "<group>"; };
		21C723DF29389AF200C4B961 /* SettingsView.swift */ = {isa = PBXFileReference; lastKnownFileType = sourcecode.swift; path = SettingsView.swift; sourceTree = "<group>"; };
		21C723E129389D5D00C4B961 /* EditProfileView.swift */ = {isa = PBXFileReference; fileEncoding = 4; lastKnownFileType = sourcecode.swift; path = EditProfileView.swift; sourceTree = "<group>"; };
		21E41D0B2938B57D00227BAA /* EditViewModel.swift */ = {isa = PBXFileReference; lastKnownFileType = sourcecode.swift; path = EditViewModel.swift; sourceTree = "<group>"; };
		21E41D0D2938B5F600227BAA /* ImagePicker.swift */ = {isa = PBXFileReference; lastKnownFileType = sourcecode.swift; path = ImagePicker.swift; sourceTree = "<group>"; };
		21E41D0F2938B63600227BAA /* Functions.swift */ = {isa = PBXFileReference; lastKnownFileType = sourcecode.swift; path = Functions.swift; sourceTree = "<group>"; };
		21E41D112938B99400227BAA /* CustomActionSheet.swift */ = {isa = PBXFileReference; lastKnownFileType = sourcecode.swift; path = CustomActionSheet.swift; sourceTree = "<group>"; };
		21E41D132938F8B800227BAA /* ReorderableForEach.swift */ = {isa = PBXFileReference; lastKnownFileType = sourcecode.swift; path = ReorderableForEach.swift; sourceTree = "<group>"; };
		21E41D162938FC6400227BAA /* AppSetting.swift */ = {isa = PBXFileReference; lastKnownFileType = sourcecode.swift; path = AppSetting.swift; sourceTree = "<group>"; };
		21E41D182938FE2200227BAA /* SettingViewModel.swift */ = {isa = PBXFileReference; lastKnownFileType = sourcecode.swift; path = SettingViewModel.swift; sourceTree = "<group>"; };
		21E41D1B293995CF00227BAA /* CreateAccountView.swift */ = {isa = PBXFileReference; lastKnownFileType = sourcecode.swift; path = CreateAccountView.swift; sourceTree = "<group>"; };
		21E41D1D293995DA00227BAA /* CreateAccountViewModel.swift */ = {isa = PBXFileReference; lastKnownFileType = sourcecode.swift; path = CreateAccountViewModel.swift; sourceTree = "<group>"; };
		21E41D1F29399F4A00227BAA /* SigninView.swift */ = {isa = PBXFileReference; lastKnownFileType = sourcecode.swift; path = SigninView.swift; sourceTree = "<group>"; };
		21E41D232939A11000227BAA /* SignInViewModel.swift */ = {isa = PBXFileReference; lastKnownFileType = sourcecode.swift; path = SignInViewModel.swift; sourceTree = "<group>"; };
		21E41D252939A61100227BAA /* AdaptsToKeyboard.swift */ = {isa = PBXFileReference; lastKnownFileType = sourcecode.swift; path = AdaptsToKeyboard.swift; sourceTree = "<group>"; };
		21E41D272939AEBF00227BAA /* InputPhoneView.swift */ = {isa = PBXFileReference; lastKnownFileType = sourcecode.swift; path = InputPhoneView.swift; sourceTree = "<group>"; };
		21E41D292939AECA00227BAA /* InputVerifyCodeView.swift */ = {isa = PBXFileReference; lastKnownFileType = sourcecode.swift; path = InputVerifyCodeView.swift; sourceTree = "<group>"; };
		21E41D2C2939BF9C00227BAA /* SignupView.swift */ = {isa = PBXFileReference; lastKnownFileType = sourcecode.swift; path = SignupView.swift; sourceTree = "<group>"; };
		21E41D2E2939BFBF00227BAA /* SignupInfoView.swift */ = {isa = PBXFileReference; lastKnownFileType = sourcecode.swift; path = SignupInfoView.swift; sourceTree = "<group>"; };
		21E41D302939C1C400227BAA /* PageControl.swift */ = {isa = PBXFileReference; lastKnownFileType = sourcecode.swift; path = PageControl.swift; sourceTree = "<group>"; };
		21E41D322939C6E600227BAA /* SignUpViewModel.swift */ = {isa = PBXFileReference; lastKnownFileType = sourcecode.swift; path = SignUpViewModel.swift; sourceTree = "<group>"; };
/* End PBXFileReference section */

/* Begin PBXFrameworksBuildPhase section */
		214A0FE429379445002D2EE3 /* Frameworks */ = {
			isa = PBXFrameworksBuildPhase;
			buildActionMask = 2147483647;
			files = (
				214A10122937AA63002D2EE3 /* SDWebImageSwiftUI in Frameworks */,
			);
			runOnlyForDeploymentPostprocessing = 0;
		};
/* End PBXFrameworksBuildPhase section */

/* Begin PBXGroup section */
		214A0FDE29379445002D2EE3 = {
			isa = PBXGroup;
			children = (
				214A0FE929379445002D2EE3 /* upwork-match */,
				214A0FE829379445002D2EE3 /* Products */,
			);
			sourceTree = "<group>";
		};
		214A0FE829379445002D2EE3 /* Products */ = {
			isa = PBXGroup;
			children = (
				214A0FE729379445002D2EE3 /* upwork-match.app */,
			);
			name = Products;
			sourceTree = "<group>";
		};
		214A0FE929379445002D2EE3 /* upwork-match */ = {
			isa = PBXGroup;
			children = (
				216E2F1E29384B23006FF871 /* Resources */,
				214A0FFE29379656002D2EE3 /* Utility */,
				214A0FF829379478002D2EE3 /* AppModules */,
				214A0FEA29379445002D2EE3 /* upwork_matchApp.swift */,
				214A0FEC29379445002D2EE3 /* ContentView.swift */,
				214A0FEE29379446002D2EE3 /* Assets.xcassets */,
				214A0FF029379446002D2EE3 /* Preview Content */,
			);
			path = "upwork-match";
			sourceTree = "<group>";
		};
		214A0FF029379446002D2EE3 /* Preview Content */ = {
			isa = PBXGroup;
			children = (
				214A0FF129379446002D2EE3 /* Preview Assets.xcassets */,
			);
			path = "Preview Content";
			sourceTree = "<group>";
		};
		214A0FF829379478002D2EE3 /* AppModules */ = {
			isa = PBXGroup;
			children = (
				21E41D2B2939BF8C00227BAA /* Signup */,
				21E41D1A293995C000227BAA /* CreateAccount */,
				21E41D152938FC5000227BAA /* AppSettings */,
				216E2F3829384CCF006FF871 /* Common */,
				214A10132937B588002D2EE3 /* HomeView */,
				214A100729379A5C002D2EE3 /* ProfileView */,
				214A1003293799BC002D2EE3 /* TabBarView */,
				214A0FF92937947F002D2EE3 /* Discover */,
				214A0FFC2937963E002D2EE3 /* SplashScreenView.swift */,
				214A100A29379AE8002D2EE3 /* SplashScreeViewModel.swift */,
			);
			path = AppModules;
			sourceTree = "<group>";
		};
		214A0FF92937947F002D2EE3 /* Discover */ = {
			isa = PBXGroup;
			children = (
				214A0FFA2937948B002D2EE3 /* DiscoverView.swift */,
				214A100C2937A4A7002D2EE3 /* HomeViewModel.swift */,
				214A100E2937A99D002D2EE3 /* Profile.swift */,
				216E2F3B29384DD3006FF871 /* ProfileFilterSheet.swift */,
				216E2F3F2938596D006FF871 /* ProfileAndLikeView.swift */,
			);
			path = Discover;
			sourceTree = "<group>";
		};
		214A0FFE29379656002D2EE3 /* Utility */ = {
			isa = PBXGroup;
			children = (
				214A0FFF2937966E002D2EE3 /* Extentions.swift */,
				214A100129379693002D2EE3 /* Constant.swift */,
				21E41D0F2938B63600227BAA /* Functions.swift */,
				21E41D252939A61100227BAA /* AdaptsToKeyboard.swift */,
			);
			path = Utility;
			sourceTree = "<group>";
		};
		214A1003293799BC002D2EE3 /* TabBarView */ = {
			isa = PBXGroup;
			children = (
				214A1004293799CA002D2EE3 /* TabBarView.swift */,
			);
			path = TabBarView;
			sourceTree = "<group>";
		};
		214A100729379A5C002D2EE3 /* ProfileView */ = {
			isa = PBXGroup;
			children = (
				214A100829379A6A002D2EE3 /* ProfileView.swift */,
				21C723DD2938932200C4B961 /* MyPlusView.swift */,
				21C723E129389D5D00C4B961 /* EditProfileView.swift */,
				21E41D0B2938B57D00227BAA /* EditViewModel.swift */,
			);
			path = ProfileView;
			sourceTree = "<group>";
		};
		214A10132937B588002D2EE3 /* HomeView */ = {
			isa = PBXGroup;
			children = (
				214A10142937B597002D2EE3 /* HomeView.swift */,
			);
			path = HomeView;
			sourceTree = "<group>";
		};
		216E2F1E29384B23006FF871 /* Resources */ = {
			isa = PBXGroup;
			children = (
				216E2F1F29384B2B006FF871 /* Fonts */,
			);
			path = Resources;
			sourceTree = "<group>";
		};
		216E2F1F29384B2B006FF871 /* Fonts */ = {
			isa = PBXGroup;
			children = (
				216E2F2229384B38006FF871 /* OpenSans-Bold.ttf */,
				216E2F2629384B38006FF871 /* OpenSans-BoldItalic.ttf */,
				216E2F2029384B38006FF871 /* OpenSans-ExtraBold.ttf */,
				216E2F2429384B38006FF871 /* OpenSans-ExtraBoldItalic.ttf */,
				216E2F2729384B38006FF871 /* OpenSans-Italic.ttf */,
				216E2F2529384B38006FF871 /* OpenSans-Light.ttf */,
				216E2F2829384B38006FF871 /* OpenSans-LightItalic.ttf */,
				216E2F2329384B38006FF871 /* OpenSans-Medium.ttf */,
				216E2F2929384B38006FF871 /* OpenSans-MediumItalic.ttf */,
				216E2F2A29384B38006FF871 /* OpenSans-Regular.ttf */,
				216E2F2B29384B38006FF871 /* OpenSans-SemiBold.ttf */,
				216E2F2129384B38006FF871 /* OpenSans-SemiBoldItalic.ttf */,
			);
			path = Fonts;
			sourceTree = "<group>";
		};
		216E2F3829384CCF006FF871 /* Common */ = {
			isa = PBXGroup;
			children = (
				216E2F3929384CD8006FF871 /* BottomSheet.swift */,
				216E2F3D29385213006FF871 /* SwiftUISlider.swift */,
				216E2F41293873EA006FF871 /* CustomAlert.swift */,
				21E41D0D2938B5F600227BAA /* ImagePicker.swift */,
				21E41D112938B99400227BAA /* CustomActionSheet.swift */,
				21E41D132938F8B800227BAA /* ReorderableForEach.swift */,
				21E41D302939C1C400227BAA /* PageControl.swift */,
			);
			path = Common;
			sourceTree = "<group>";
		};
		21E41D152938FC5000227BAA /* AppSettings */ = {
			isa = PBXGroup;
			children = (
				21C723DF29389AF200C4B961 /* SettingsView.swift */,
				21E41D162938FC6400227BAA /* AppSetting.swift */,
				21E41D182938FE2200227BAA /* SettingViewModel.swift */,
			);
			path = AppSettings;
			sourceTree = "<group>";
		};
		21E41D1A293995C000227BAA /* CreateAccount */ = {
			isa = PBXGroup;
			children = (
				21E41D1B293995CF00227BAA /* CreateAccountView.swift */,
				21E41D1D293995DA00227BAA /* CreateAccountViewModel.swift */,
				21E41D1F29399F4A00227BAA /* SigninView.swift */,
				21E41D232939A11000227BAA /* SignInViewModel.swift */,
				21E41D272939AEBF00227BAA /* InputPhoneView.swift */,
				21E41D292939AECA00227BAA /* InputVerifyCodeView.swift */,
			);
			path = CreateAccount;
			sourceTree = "<group>";
		};
		21E41D2B2939BF8C00227BAA /* Signup */ = {
			isa = PBXGroup;
			children = (
				21E41D2C2939BF9C00227BAA /* SignupView.swift */,
				21E41D2E2939BFBF00227BAA /* SignupInfoView.swift */,
				21E41D322939C6E600227BAA /* SignUpViewModel.swift */,
				2112A898293A608C00129304 /* WellcomeView.swift */,
			);
			path = Signup;
			sourceTree = "<group>";
		};
/* End PBXGroup section */

/* Begin PBXNativeTarget section */
		214A0FE629379445002D2EE3 /* upwork-match */ = {
			isa = PBXNativeTarget;
			buildConfigurationList = 214A0FF529379446002D2EE3 /* Build configuration list for PBXNativeTarget "upwork-match" */;
			buildPhases = (
				214A0FE329379445002D2EE3 /* Sources */,
				214A0FE429379445002D2EE3 /* Frameworks */,
				214A0FE529379445002D2EE3 /* Resources */,
			);
			buildRules = (
			);
			dependencies = (
			);
			name = "upwork-match";
			packageProductDependencies = (
				214A10112937AA63002D2EE3 /* SDWebImageSwiftUI */,
			);
			productName = "upwork-match";
			productReference = 214A0FE729379445002D2EE3 /* upwork-match.app */;
			productType = "com.apple.product-type.application";
		};
/* End PBXNativeTarget section */

/* Begin PBXProject section */
		214A0FDF29379445002D2EE3 /* Project object */ = {
			isa = PBXProject;
			attributes = {
				BuildIndependentTargetsInParallel = 1;
				LastSwiftUpdateCheck = 1330;
				LastUpgradeCheck = 1330;
				TargetAttributes = {
					214A0FE629379445002D2EE3 = {
						CreatedOnToolsVersion = 13.3.1;
					};
				};
			};
			buildConfigurationList = 214A0FE229379445002D2EE3 /* Build configuration list for PBXProject "upwork-match" */;
			compatibilityVersion = "Xcode 13.0";
			developmentRegion = en;
			hasScannedForEncodings = 0;
			knownRegions = (
				en,
				Base,
			);
			mainGroup = 214A0FDE29379445002D2EE3;
			packageReferences = (
				214A10102937AA63002D2EE3 /* XCRemoteSwiftPackageReference "SDWebImageSwiftUI" */,
			);
			productRefGroup = 214A0FE829379445002D2EE3 /* Products */;
			projectDirPath = "";
			projectRoot = "";
			targets = (
				214A0FE629379445002D2EE3 /* upwork-match */,
			);
		};
/* End PBXProject section */

/* Begin PBXResourcesBuildPhase section */
		214A0FE529379445002D2EE3 /* Resources */ = {
			isa = PBXResourcesBuildPhase;
			buildActionMask = 2147483647;
			files = (
				216E2F2F29384B38006FF871 /* OpenSans-Medium.ttf in Resources */,
				216E2F3029384B38006FF871 /* OpenSans-ExtraBoldItalic.ttf in Resources */,
				216E2F3729384B38006FF871 /* OpenSans-SemiBold.ttf in Resources */,
				216E2F3129384B38006FF871 /* OpenSans-Light.ttf in Resources */,
				216E2F3329384B38006FF871 /* OpenSans-Italic.ttf in Resources */,
				216E2F3529384B38006FF871 /* OpenSans-MediumItalic.ttf in Resources */,
				216E2F2D29384B38006FF871 /* OpenSans-SemiBoldItalic.ttf in Resources */,
				216E2F3429384B38006FF871 /* OpenSans-LightItalic.ttf in Resources */,
				214A0FF229379446002D2EE3 /* Preview Assets.xcassets in Resources */,
				214A0FEF29379446002D2EE3 /* Assets.xcassets in Resources */,
				216E2F3229384B38006FF871 /* OpenSans-BoldItalic.ttf in Resources */,
				216E2F2E29384B38006FF871 /* OpenSans-Bold.ttf in Resources */,
				216E2F3629384B38006FF871 /* OpenSans-Regular.ttf in Resources */,
				216E2F2C29384B38006FF871 /* OpenSans-ExtraBold.ttf in Resources */,
			);
			runOnlyForDeploymentPostprocessing = 0;
		};
/* End PBXResourcesBuildPhase section */

/* Begin PBXSourcesBuildPhase section */
		214A0FE329379445002D2EE3 /* Sources */ = {
			isa = PBXSourcesBuildPhase;
			buildActionMask = 2147483647;
			files = (
				21E41D242939A11000227BAA /* SignInViewModel.swift in Sources */,
				21E41D0C2938B57D00227BAA /* EditViewModel.swift in Sources */,
				21E41D262939A61100227BAA /* AdaptsToKeyboard.swift in Sources */,
				21E41D312939C1C400227BAA /* PageControl.swift in Sources */,
				214A100B29379AE8002D2EE3 /* SplashScreeViewModel.swift in Sources */,
				21E41D2F2939BFBF00227BAA /* SignupInfoView.swift in Sources */,
				214A100929379A6A002D2EE3 /* ProfileView.swift in Sources */,
				216E2F42293873EA006FF871 /* CustomAlert.swift in Sources */,
				214A0FFB2937948B002D2EE3 /* DiscoverView.swift in Sources */,
				214A100D2937A4A7002D2EE3 /* HomeViewModel.swift in Sources */,
				214A0FED29379445002D2EE3 /* ContentView.swift in Sources */,
				21E41D0E2938B5F600227BAA /* ImagePicker.swift in Sources */,
				21C723DE2938932200C4B961 /* MyPlusView.swift in Sources */,
				216E2F3E29385213006FF871 /* SwiftUISlider.swift in Sources */,
				21E41D2029399F4A00227BAA /* SigninView.swift in Sources */,
				21E41D1C293995CF00227BAA /* CreateAccountView.swift in Sources */,
				21E41D2D2939BF9C00227BAA /* SignupView.swift in Sources */,
				21E41D172938FC6400227BAA /* AppSetting.swift in Sources */,
				214A1005293799CA002D2EE3 /* TabBarView.swift in Sources */,
				216E2F402938596D006FF871 /* ProfileAndLikeView.swift in Sources */,
				21E41D122938B99400227BAA /* CustomActionSheet.swift in Sources */,
				21E41D102938B63600227BAA /* Functions.swift in Sources */,
				21C723E229389D5D00C4B961 /* EditProfileView.swift in Sources */,
				21E41D192938FE2200227BAA /* SettingViewModel.swift in Sources */,
				21E41D332939C6E600227BAA /* SignUpViewModel.swift in Sources */,
				21E41D2A2939AECA00227BAA /* InputVerifyCodeView.swift in Sources */,
				214A10002937966E002D2EE3 /* Extentions.swift in Sources */,
				21E41D142938F8B800227BAA /* ReorderableForEach.swift in Sources */,
				216E2F3C29384DD3006FF871 /* ProfileFilterSheet.swift in Sources */,
				21E41D282939AEBF00227BAA /* InputPhoneView.swift in Sources */,
				214A0FEB29379445002D2EE3 /* upwork_matchApp.swift in Sources */,
				21E41D1E293995DA00227BAA /* CreateAccountViewModel.swift in Sources */,
				214A100F2937A99D002D2EE3 /* Profile.swift in Sources */,
				214A10152937B597002D2EE3 /* HomeView.swift in Sources */,
				214A0FFD2937963E002D2EE3 /* SplashScreenView.swift in Sources */,
				2112A899293A608C00129304 /* WellcomeView.swift in Sources */,
				216E2F3A29384CD8006FF871 /* BottomSheet.swift in Sources */,
				214A100229379693002D2EE3 /* Constant.swift in Sources */,
				21C723E029389AF200C4B961 /* SettingsView.swift in Sources */,
			);
			runOnlyForDeploymentPostprocessing = 0;
		};
/* End PBXSourcesBuildPhase section */

/* Begin XCBuildConfiguration section */
		214A0FF329379446002D2EE3 /* Debug */ = {
			isa = XCBuildConfiguration;
			buildSettings = {
				ALWAYS_SEARCH_USER_PATHS = NO;
				CLANG_ANALYZER_NONNULL = YES;
				CLANG_ANALYZER_NUMBER_OBJECT_CONVERSION = YES_AGGRESSIVE;
				CLANG_CXX_LANGUAGE_STANDARD = "gnu++17";
				CLANG_ENABLE_MODULES = YES;
				CLANG_ENABLE_OBJC_ARC = YES;
				CLANG_ENABLE_OBJC_WEAK = YES;
				CLANG_WARN_BLOCK_CAPTURE_AUTORELEASING = YES;
				CLANG_WARN_BOOL_CONVERSION = YES;
				CLANG_WARN_COMMA = YES;
				CLANG_WARN_CONSTANT_CONVERSION = YES;
				CLANG_WARN_DEPRECATED_OBJC_IMPLEMENTATIONS = YES;
				CLANG_WARN_DIRECT_OBJC_ISA_USAGE = YES_ERROR;
				CLANG_WARN_DOCUMENTATION_COMMENTS = YES;
				CLANG_WARN_EMPTY_BODY = YES;
				CLANG_WARN_ENUM_CONVERSION = YES;
				CLANG_WARN_INFINITE_RECURSION = YES;
				CLANG_WARN_INT_CONVERSION = YES;
				CLANG_WARN_NON_LITERAL_NULL_CONVERSION = YES;
				CLANG_WARN_OBJC_IMPLICIT_RETAIN_SELF = YES;
				CLANG_WARN_OBJC_LITERAL_CONVERSION = YES;
				CLANG_WARN_OBJC_ROOT_CLASS = YES_ERROR;
				CLANG_WARN_QUOTED_INCLUDE_IN_FRAMEWORK_HEADER = YES;
				CLANG_WARN_RANGE_LOOP_ANALYSIS = YES;
				CLANG_WARN_STRICT_PROTOTYPES = YES;
				CLANG_WARN_SUSPICIOUS_MOVE = YES;
				CLANG_WARN_UNGUARDED_AVAILABILITY = YES_AGGRESSIVE;
				CLANG_WARN_UNREACHABLE_CODE = YES;
				CLANG_WARN__DUPLICATE_METHOD_MATCH = YES;
				COPY_PHASE_STRIP = NO;
				DEBUG_INFORMATION_FORMAT = dwarf;
				ENABLE_STRICT_OBJC_MSGSEND = YES;
				ENABLE_TESTABILITY = YES;
				GCC_C_LANGUAGE_STANDARD = gnu11;
				GCC_DYNAMIC_NO_PIC = NO;
				GCC_NO_COMMON_BLOCKS = YES;
				GCC_OPTIMIZATION_LEVEL = 0;
				GCC_PREPROCESSOR_DEFINITIONS = (
					"DEBUG=1",
					"$(inherited)",
				);
				GCC_WARN_64_TO_32_BIT_CONVERSION = YES;
				GCC_WARN_ABOUT_RETURN_TYPE = YES_ERROR;
				GCC_WARN_UNDECLARED_SELECTOR = YES;
				GCC_WARN_UNINITIALIZED_AUTOS = YES_AGGRESSIVE;
				GCC_WARN_UNUSED_FUNCTION = YES;
				GCC_WARN_UNUSED_VARIABLE = YES;
				IPHONEOS_DEPLOYMENT_TARGET = 15.4;
				MTL_ENABLE_DEBUG_INFO = INCLUDE_SOURCE;
				MTL_FAST_MATH = YES;
				ONLY_ACTIVE_ARCH = YES;
				SDKROOT = iphoneos;
				SWIFT_ACTIVE_COMPILATION_CONDITIONS = DEBUG;
				SWIFT_OPTIMIZATION_LEVEL = "-Onone";
			};
			name = Debug;
		};
		214A0FF429379446002D2EE3 /* Release */ = {
			isa = XCBuildConfiguration;
			buildSettings = {
				ALWAYS_SEARCH_USER_PATHS = NO;
				CLANG_ANALYZER_NONNULL = YES;
				CLANG_ANALYZER_NUMBER_OBJECT_CONVERSION = YES_AGGRESSIVE;
				CLANG_CXX_LANGUAGE_STANDARD = "gnu++17";
				CLANG_ENABLE_MODULES = YES;
				CLANG_ENABLE_OBJC_ARC = YES;
				CLANG_ENABLE_OBJC_WEAK = YES;
				CLANG_WARN_BLOCK_CAPTURE_AUTORELEASING = YES;
				CLANG_WARN_BOOL_CONVERSION = YES;
				CLANG_WARN_COMMA = YES;
				CLANG_WARN_CONSTANT_CONVERSION = YES;
				CLANG_WARN_DEPRECATED_OBJC_IMPLEMENTATIONS = YES;
				CLANG_WARN_DIRECT_OBJC_ISA_USAGE = YES_ERROR;
				CLANG_WARN_DOCUMENTATION_COMMENTS = YES;
				CLANG_WARN_EMPTY_BODY = YES;
				CLANG_WARN_ENUM_CONVERSION = YES;
				CLANG_WARN_INFINITE_RECURSION = YES;
				CLANG_WARN_INT_CONVERSION = YES;
				CLANG_WARN_NON_LITERAL_NULL_CONVERSION = YES;
				CLANG_WARN_OBJC_IMPLICIT_RETAIN_SELF = YES;
				CLANG_WARN_OBJC_LITERAL_CONVERSION = YES;
				CLANG_WARN_OBJC_ROOT_CLASS = YES_ERROR;
				CLANG_WARN_QUOTED_INCLUDE_IN_FRAMEWORK_HEADER = YES;
				CLANG_WARN_RANGE_LOOP_ANALYSIS = YES;
				CLANG_WARN_STRICT_PROTOTYPES = YES;
				CLANG_WARN_SUSPICIOUS_MOVE = YES;
				CLANG_WARN_UNGUARDED_AVAILABILITY = YES_AGGRESSIVE;
				CLANG_WARN_UNREACHABLE_CODE = YES;
				CLANG_WARN__DUPLICATE_METHOD_MATCH = YES;
				COPY_PHASE_STRIP = NO;
				DEBUG_INFORMATION_FORMAT = "dwarf-with-dsym";
				ENABLE_NS_ASSERTIONS = NO;
				ENABLE_STRICT_OBJC_MSGSEND = YES;
				GCC_C_LANGUAGE_STANDARD = gnu11;
				GCC_NO_COMMON_BLOCKS = YES;
				GCC_WARN_64_TO_32_BIT_CONVERSION = YES;
				GCC_WARN_ABOUT_RETURN_TYPE = YES_ERROR;
				GCC_WARN_UNDECLARED_SELECTOR = YES;
				GCC_WARN_UNINITIALIZED_AUTOS = YES_AGGRESSIVE;
				GCC_WARN_UNUSED_FUNCTION = YES;
				GCC_WARN_UNUSED_VARIABLE = YES;
				IPHONEOS_DEPLOYMENT_TARGET = 15.4;
				MTL_ENABLE_DEBUG_INFO = NO;
				MTL_FAST_MATH = YES;
				SDKROOT = iphoneos;
				SWIFT_COMPILATION_MODE = wholemodule;
				SWIFT_OPTIMIZATION_LEVEL = "-O";
				VALIDATE_PRODUCT = YES;
			};
			name = Release;
		};
		214A0FF629379446002D2EE3 /* Debug */ = {
			isa = XCBuildConfiguration;
			buildSettings = {
				ASSETCATALOG_COMPILER_APPICON_NAME = AppIcon;
				ASSETCATALOG_COMPILER_GLOBAL_ACCENT_COLOR_NAME = AccentColor;
				CODE_SIGN_STYLE = Automatic;
				CURRENT_PROJECT_VERSION = 1;
				DEVELOPMENT_ASSET_PATHS = "\"upwork-match/Preview Content\"";
				DEVELOPMENT_TEAM = F59XSVKP6X;
				ENABLE_PREVIEWS = YES;
				GENERATE_INFOPLIST_FILE = YES;
				INFOPLIST_KEY_UIApplicationSceneManifest_Generation = YES;
				INFOPLIST_KEY_UIApplicationSupportsIndirectInputEvents = YES;
				INFOPLIST_KEY_UILaunchScreen_Generation = YES;
				INFOPLIST_KEY_UISupportedInterfaceOrientations_iPad = "UIInterfaceOrientationPortrait UIInterfaceOrientationPortraitUpsideDown UIInterfaceOrientationLandscapeLeft UIInterfaceOrientationLandscapeRight";
				INFOPLIST_KEY_UISupportedInterfaceOrientations_iPhone = "UIInterfaceOrientationPortrait UIInterfaceOrientationLandscapeLeft UIInterfaceOrientationLandscapeRight";
				IPHONEOS_DEPLOYMENT_TARGET = 15.0;
				LD_RUNPATH_SEARCH_PATHS = (
					"$(inherited)",
					"@executable_path/Frameworks",
				);
				MARKETING_VERSION = 1.0;
				PRODUCT_BUNDLE_IDENTIFIER = "co.vulcanlabs.co.upwork-match";
				PRODUCT_NAME = "$(TARGET_NAME)";
				SWIFT_EMIT_LOC_STRINGS = YES;
				SWIFT_VERSION = 5.0;
				TARGETED_DEVICE_FAMILY = "1,2";
			};
			name = Debug;
		};
		214A0FF729379446002D2EE3 /* Release */ = {
			isa = XCBuildConfiguration;
			buildSettings = {
				ASSETCATALOG_COMPILER_APPICON_NAME = AppIcon;
				ASSETCATALOG_COMPILER_GLOBAL_ACCENT_COLOR_NAME = AccentColor;
				CODE_SIGN_STYLE = Automatic;
				CURRENT_PROJECT_VERSION = 1;
				DEVELOPMENT_ASSET_PATHS = "\"upwork-match/Preview Content\"";
				DEVELOPMENT_TEAM = F59XSVKP6X;
				ENABLE_PREVIEWS = YES;
				GENERATE_INFOPLIST_FILE = YES;
				INFOPLIST_KEY_UIApplicationSceneManifest_Generation = YES;
				INFOPLIST_KEY_UIApplicationSupportsIndirectInputEvents = YES;
				INFOPLIST_KEY_UILaunchScreen_Generation = YES;
				INFOPLIST_KEY_UISupportedInterfaceOrientations_iPad = "UIInterfaceOrientationPortrait UIInterfaceOrientationPortraitUpsideDown UIInterfaceOrientationLandscapeLeft UIInterfaceOrientationLandscapeRight";
				INFOPLIST_KEY_UISupportedInterfaceOrientations_iPhone = "UIInterfaceOrientationPortrait UIInterfaceOrientationLandscapeLeft UIInterfaceOrientationLandscapeRight";
				IPHONEOS_DEPLOYMENT_TARGET = 15.0;
				LD_RUNPATH_SEARCH_PATHS = (
					"$(inherited)",
					"@executable_path/Frameworks",
				);
				MARKETING_VERSION = 1.0;
				PRODUCT_BUNDLE_IDENTIFIER = "co.vulcanlabs.co.upwork-match";
				PRODUCT_NAME = "$(TARGET_NAME)";
				SWIFT_EMIT_LOC_STRINGS = YES;
				SWIFT_VERSION = 5.0;
				TARGETED_DEVICE_FAMILY = "1,2";
			};
			name = Release;
		};
/* End XCBuildConfiguration section */

/* Begin XCConfigurationList section */
		214A0FE229379445002D2EE3 /* Build configuration list for PBXProject "upwork-match" */ = {
			isa = XCConfigurationList;
			buildConfigurations = (
				214A0FF329379446002D2EE3 /* Debug */,
				214A0FF429379446002D2EE3 /* Release */,
			);
			defaultConfigurationIsVisible = 0;
			defaultConfigurationName = Release;
		};
		214A0FF529379446002D2EE3 /* Build configuration list for PBXNativeTarget "upwork-match" */ = {
			isa = XCConfigurationList;
			buildConfigurations = (
				214A0FF629379446002D2EE3 /* Debug */,
				214A0FF729379446002D2EE3 /* Release */,
			);
			defaultConfigurationIsVisible = 0;
			defaultConfigurationName = Release;
		};
/* End XCConfigurationList section */

/* Begin XCRemoteSwiftPackageReference section */
		214A10102937AA63002D2EE3 /* XCRemoteSwiftPackageReference "SDWebImageSwiftUI" */ = {
			isa = XCRemoteSwiftPackageReference;
			repositoryURL = "https://github.com/SDWebImage/SDWebImageSwiftUI.git";
			requirement = {
				kind = upToNextMajorVersion;
				minimumVersion = 2.0.0;
			};
		};
/* End XCRemoteSwiftPackageReference section */

/* Begin XCSwiftPackageProductDependency section */
		214A10112937AA63002D2EE3 /* SDWebImageSwiftUI */ = {
			isa = XCSwiftPackageProductDependency;
			package = 214A10102937AA63002D2EE3 /* XCRemoteSwiftPackageReference "SDWebImageSwiftUI" */;
			productName = SDWebImageSwiftUI;
		};
/* End XCSwiftPackageProductDependency section */
	};
	rootObject = 214A0FDF29379445002D2EE3 /* Project object */;
}
