// !$*UTF8*$!
{
	archiveVersion = 1;
	classes = {
	};
	objectVersion = 55;
	objects = {

/* Begin PBXBuildFile section */
		2112A899293A608C00129304 /* WellcomeView.swift in Sources */ = {isa = PBXBuildFile; fileRef = 2112A898293A608C00129304 /* WellcomeView.swift */; };
		2112A89C293AEFD600129304 /* EditPhotoView.swift in Sources */ = {isa = PBXBuildFile; fileRef = 2112A89B293AEFD600129304 /* EditPhotoView.swift */; };
		2112A89E293AF0AE00129304 /* ZoomableScrollView.swift in Sources */ = {isa = PBXBuildFile; fileRef = 2112A89D293AF0AE00129304 /* ZoomableScrollView.swift */; };
		2112A8A0293AF16500129304 /* Utilities.swift in Sources */ = {isa = PBXBuildFile; fileRef = 2112A89F293AF16500129304 /* Utilities.swift */; };
		2112A8A8293AF82600129304 /* ImageModifier.swift in Sources */ = {isa = PBXBuildFile; fileRef = 2112A8A7293AF82600129304 /* ImageModifier.swift */; };
		2112A8AA293B103D00129304 /* BirthdateViewModel.swift in Sources */ = {isa = PBXBuildFile; fileRef = 2112A8A9293B103D00129304 /* BirthdateViewModel.swift */; };
		2112A8AD293B2B6C00129304 /* ChatListView.swift in Sources */ = {isa = PBXBuildFile; fileRef = 2112A8AC293B2B6C00129304 /* ChatListView.swift */; };
		2112A8AF293B30AA00129304 /* Chat.swift in Sources */ = {isa = PBXBuildFile; fileRef = 2112A8AE293B30AA00129304 /* Chat.swift */; };
		2112A8B1293B310D00129304 /* ChatListModelView.swift in Sources */ = {isa = PBXBuildFile; fileRef = 2112A8B0293B310D00129304 /* ChatListModelView.swift */; };
		2112A8B3293B4A6800129304 /* Colors.xcassets in Resources */ = {isa = PBXBuildFile; fileRef = 2112A8B2293B4A6800129304 /* Colors.xcassets */; };
		2112A8B7293B4AFF00129304 /* Accessor.fonts.swift in Sources */ = {isa = PBXBuildFile; fileRef = 2112A8B5293B4AFF00129304 /* Accessor.fonts.swift */; };
		2112A8B8293B4AFF00129304 /* Accessor.assets.swift in Sources */ = {isa = PBXBuildFile; fileRef = 2112A8B6293B4AFF00129304 /* Accessor.assets.swift */; };
		2112A8BA293B4B2900129304 /* AppDelegate.swift in Sources */ = {isa = PBXBuildFile; fileRef = 2112A8B9293B4B2900129304 /* AppDelegate.swift */; };
		2112A8BF293B4C1B00129304 /* Roboto-Medium.ttf in Resources */ = {isa = PBXBuildFile; fileRef = 2112A8BB293B4C1B00129304 /* Roboto-Medium.ttf */; };
		2112A8C0293B4C1B00129304 /* Roboto-Black.ttf in Resources */ = {isa = PBXBuildFile; fileRef = 2112A8BC293B4C1B00129304 /* Roboto-Black.ttf */; };
		2112A8C1293B4C1B00129304 /* Roboto-Bold.ttf in Resources */ = {isa = PBXBuildFile; fileRef = 2112A8BD293B4C1B00129304 /* Roboto-Bold.ttf */; };
		2112A8C2293B4C1B00129304 /* Roboto-Regular.ttf in Resources */ = {isa = PBXBuildFile; fileRef = 2112A8BE293B4C1B00129304 /* Roboto-Regular.ttf */; };
		2112A8C9293B563000129304 /* Montserrat-SemiBold.ttf in Resources */ = {isa = PBXBuildFile; fileRef = 2112A8C4293B563000129304 /* Montserrat-SemiBold.ttf */; };
		2112A8CA293B563000129304 /* Montserrat-Medium.ttf in Resources */ = {isa = PBXBuildFile; fileRef = 2112A8C5293B563000129304 /* Montserrat-Medium.ttf */; };
		2112A8CB293B563000129304 /* Montserrat-Bold.ttf in Resources */ = {isa = PBXBuildFile; fileRef = 2112A8C6293B563000129304 /* Montserrat-Bold.ttf */; };
		2112A8CC293B563000129304 /* Montserrat-Regular.ttf in Resources */ = {isa = PBXBuildFile; fileRef = 2112A8C7293B563000129304 /* Montserrat-Regular.ttf */; };
		2112A8CD293B563000129304 /* Montserrat-Black.ttf in Resources */ = {isa = PBXBuildFile; fileRef = 2112A8C8293B563000129304 /* Montserrat-Black.ttf */; };
		2112A8D1293BA12F00129304 /* countries.json in Resources */ = {isa = PBXBuildFile; fileRef = 2112A8D0293BA12F00129304 /* countries.json */; };
		2112A8D6293BA17700129304 /* Country.swift in Sources */ = {isa = PBXBuildFile; fileRef = 2112A8D5293BA17700129304 /* Country.swift */; };
		2112A8DA293BA23600129304 /* CountyPicker.swift in Sources */ = {isa = PBXBuildFile; fileRef = 2112A8D9293BA23600129304 /* CountyPicker.swift */; };
		2112A8DC293C45C900129304 /* CountryManager.swift in Sources */ = {isa = PBXBuildFile; fileRef = 2112A8DB293C45C900129304 /* CountryManager.swift */; };
		2112A8DE293C95E200129304 /* AnimationCompletionObserverModifier.swift in Sources */ = {isa = PBXBuildFile; fileRef = 2112A8DD293C95E200129304 /* AnimationCompletionObserverModifier.swift */; };
		2112A8E0293CBD6A00129304 /* ChatingView.swift in Sources */ = {isa = PBXBuildFile; fileRef = 2112A8DF293CBD6A00129304 /* ChatingView.swift */; };
		2112A8E2293CC05200129304 /* ChatingViewModel.swift in Sources */ = {isa = PBXBuildFile; fileRef = 2112A8E1293CC05200129304 /* ChatingViewModel.swift */; };
		2112A8E4293CC60500129304 /* PushNotiSettingView.swift in Sources */ = {isa = PBXBuildFile; fileRef = 2112A8E3293CC60500129304 /* PushNotiSettingView.swift */; };
		2112A8E7293CDFEA00129304 /* FirebaseAnalyticsSwift in Frameworks */ = {isa = PBXBuildFile; productRef = 2112A8E6293CDFEA00129304 /* FirebaseAnalyticsSwift */; };
		2112A8E9293CDFEA00129304 /* FirebaseAuth in Frameworks */ = {isa = PBXBuildFile; productRef = 2112A8E8293CDFEA00129304 /* FirebaseAuth */; };
		2112A8EB293CDFEA00129304 /* FirebaseDatabaseSwift in Frameworks */ = {isa = PBXBuildFile; productRef = 2112A8EA293CDFEA00129304 /* FirebaseDatabaseSwift */; };
		2112A8ED293CDFEA00129304 /* FirebaseFirestoreSwift in Frameworks */ = {isa = PBXBuildFile; productRef = 2112A8EC293CDFEA00129304 /* FirebaseFirestoreSwift */; };
		2112A8EF293CDFEA00129304 /* FirebaseMessaging in Frameworks */ = {isa = PBXBuildFile; productRef = 2112A8EE293CDFEA00129304 /* FirebaseMessaging */; };
		2112A8F1293CDFEA00129304 /* FirebaseStorage in Frameworks */ = {isa = PBXBuildFile; productRef = 2112A8F0293CDFEA00129304 /* FirebaseStorage */; };
		214661462940E4C800101812 /* SignInView.swift in Sources */ = {isa = PBXBuildFile; fileRef = 214661452940E4C800101812 /* SignInView.swift */; };
		214A0FEB29379445002D2EE3 /* upwork_matchApp.swift in Sources */ = {isa = PBXBuildFile; fileRef = 214A0FEA29379445002D2EE3 /* upwork_matchApp.swift */; };
		214A0FED29379445002D2EE3 /* ContentView.swift in Sources */ = {isa = PBXBuildFile; fileRef = 214A0FEC29379445002D2EE3 /* ContentView.swift */; };
		214A0FEF29379446002D2EE3 /* Assets.xcassets in Resources */ = {isa = PBXBuildFile; fileRef = 214A0FEE29379446002D2EE3 /* Assets.xcassets */; };
		214A0FF229379446002D2EE3 /* Preview Assets.xcassets in Resources */ = {isa = PBXBuildFile; fileRef = 214A0FF129379446002D2EE3 /* Preview Assets.xcassets */; };
		214A0FFB2937948B002D2EE3 /* DiscoverView.swift in Sources */ = {isa = PBXBuildFile; fileRef = 214A0FFA2937948B002D2EE3 /* DiscoverView.swift */; };
		214A0FFD2937963E002D2EE3 /* SplashScreenView.swift in Sources */ = {isa = PBXBuildFile; fileRef = 214A0FFC2937963E002D2EE3 /* SplashScreenView.swift */; };
		214A10002937966E002D2EE3 /* Extentions.swift in Sources */ = {isa = PBXBuildFile; fileRef = 214A0FFF2937966E002D2EE3 /* Extentions.swift */; };
		214A100229379693002D2EE3 /* Constant.swift in Sources */ = {isa = PBXBuildFile; fileRef = 214A100129379693002D2EE3 /* Constant.swift */; };
		214A1005293799CA002D2EE3 /* TabBarView.swift in Sources */ = {isa = PBXBuildFile; fileRef = 214A1004293799CA002D2EE3 /* TabBarView.swift */; };
		214A100929379A6A002D2EE3 /* ProfileView.swift in Sources */ = {isa = PBXBuildFile; fileRef = 214A100829379A6A002D2EE3 /* ProfileView.swift */; };
		214A100B29379AE8002D2EE3 /* SplashScreeViewModel.swift in Sources */ = {isa = PBXBuildFile; fileRef = 214A100A29379AE8002D2EE3 /* SplashScreeViewModel.swift */; };
		214A100D2937A4A7002D2EE3 /* HomeViewModel.swift in Sources */ = {isa = PBXBuildFile; fileRef = 214A100C2937A4A7002D2EE3 /* HomeViewModel.swift */; };
		214A100F2937A99D002D2EE3 /* Profile.swift in Sources */ = {isa = PBXBuildFile; fileRef = 214A100E2937A99D002D2EE3 /* Profile.swift */; };
		214A10122937AA63002D2EE3 /* SDWebImageSwiftUI in Frameworks */ = {isa = PBXBuildFile; productRef = 214A10112937AA63002D2EE3 /* SDWebImageSwiftUI */; };
		214A10152937B597002D2EE3 /* HomeView.swift in Sources */ = {isa = PBXBuildFile; fileRef = 214A10142937B597002D2EE3 /* HomeView.swift */; };
		2155A7D6293F90FB00E6D3DF /* PhotoCollection.swift in Sources */ = {isa = PBXBuildFile; fileRef = 2155A7C8293F90FB00E6D3DF /* PhotoCollection.swift */; };
		2155A7D7293F90FB00E6D3DF /* PhotoAsset.swift in Sources */ = {isa = PBXBuildFile; fileRef = 2155A7C9293F90FB00E6D3DF /* PhotoAsset.swift */; };
		2155A7D8293F90FB00E6D3DF /* CameraView.swift in Sources */ = {isa = PBXBuildFile; fileRef = 2155A7CA293F90FB00E6D3DF /* CameraView.swift */; };
		2155A7D9293F90FB00E6D3DF /* ThumbnailView.swift in Sources */ = {isa = PBXBuildFile; fileRef = 2155A7CB293F90FB00E6D3DF /* ThumbnailView.swift */; };
		2155A7DA293F90FB00E6D3DF /* CachedImageManager.swift in Sources */ = {isa = PBXBuildFile; fileRef = 2155A7CC293F90FB00E6D3DF /* CachedImageManager.swift */; };
		2155A7DB293F90FB00E6D3DF /* DataModel.swift in Sources */ = {isa = PBXBuildFile; fileRef = 2155A7CD293F90FB00E6D3DF /* DataModel.swift */; };
		2155A7DC293F90FB00E6D3DF /* PhotoItemView.swift in Sources */ = {isa = PBXBuildFile; fileRef = 2155A7CE293F90FB00E6D3DF /* PhotoItemView.swift */; };
		2155A7DD293F90FB00E6D3DF /* PhotoAssetCollection.swift in Sources */ = {isa = PBXBuildFile; fileRef = 2155A7CF293F90FB00E6D3DF /* PhotoAssetCollection.swift */; };
		2155A7DE293F90FB00E6D3DF /* Camera.swift in Sources */ = {isa = PBXBuildFile; fileRef = 2155A7D0293F90FB00E6D3DF /* Camera.swift */; };
		2155A7DF293F90FB00E6D3DF /* PhotoLibrary.swift in Sources */ = {isa = PBXBuildFile; fileRef = 2155A7D1293F90FB00E6D3DF /* PhotoLibrary.swift */; };
		2155A7E1293F90FB00E6D3DF /* ViewfinderView.swift in Sources */ = {isa = PBXBuildFile; fileRef = 2155A7D3293F90FB00E6D3DF /* ViewfinderView.swift */; };
		2155A7E2293F90FB00E6D3DF /* PhotoCollectionView.swift in Sources */ = {isa = PBXBuildFile; fileRef = 2155A7D4293F90FB00E6D3DF /* PhotoCollectionView.swift */; };
		2155A7E3293F90FB00E6D3DF /* PhotoView.swift in Sources */ = {isa = PBXBuildFile; fileRef = 2155A7D5293F90FB00E6D3DF /* PhotoView.swift */; };
		216E2F2C29384B38006FF871 /* OpenSans-ExtraBold.ttf in Resources */ = {isa = PBXBuildFile; fileRef = 216E2F2029384B38006FF871 /* OpenSans-ExtraBold.ttf */; };
		216E2F2D29384B38006FF871 /* OpenSans-SemiBoldItalic.ttf in Resources */ = {isa = PBXBuildFile; fileRef = 216E2F2129384B38006FF871 /* OpenSans-SemiBoldItalic.ttf */; };
		216E2F2E29384B38006FF871 /* OpenSans-Bold.ttf in Resources */ = {isa = PBXBuildFile; fileRef = 216E2F2229384B38006FF871 /* OpenSans-Bold.ttf */; };
		216E2F2F29384B38006FF871 /* OpenSans-Medium.ttf in Resources */ = {isa = PBXBuildFile; fileRef = 216E2F2329384B38006FF871 /* OpenSans-Medium.ttf */; };
		216E2F3029384B38006FF871 /* OpenSans-ExtraBoldItalic.ttf in Resources */ = {isa = PBXBuildFile; fileRef = 216E2F2429384B38006FF871 /* OpenSans-ExtraBoldItalic.ttf */; };
		216E2F3129384B38006FF871 /* OpenSans-Light.ttf in Resources */ = {isa = PBXBuildFile; fileRef = 216E2F2529384B38006FF871 /* OpenSans-Light.ttf */; };
		216E2F3229384B38006FF871 /* OpenSans-BoldItalic.ttf in Resources */ = {isa = PBXBuildFile; fileRef = 216E2F2629384B38006FF871 /* OpenSans-BoldItalic.ttf */; };
		216E2F3329384B38006FF871 /* OpenSans-Italic.ttf in Resources */ = {isa = PBXBuildFile; fileRef = 216E2F2729384B38006FF871 /* OpenSans-Italic.ttf */; };
		216E2F3429384B38006FF871 /* OpenSans-LightItalic.ttf in Resources */ = {isa = PBXBuildFile; fileRef = 216E2F2829384B38006FF871 /* OpenSans-LightItalic.ttf */; };
		216E2F3529384B38006FF871 /* OpenSans-MediumItalic.ttf in Resources */ = {isa = PBXBuildFile; fileRef = 216E2F2929384B38006FF871 /* OpenSans-MediumItalic.ttf */; };
		216E2F3629384B38006FF871 /* OpenSans-Regular.ttf in Resources */ = {isa = PBXBuildFile; fileRef = 216E2F2A29384B38006FF871 /* OpenSans-Regular.ttf */; };
		216E2F3729384B38006FF871 /* OpenSans-SemiBold.ttf in Resources */ = {isa = PBXBuildFile; fileRef = 216E2F2B29384B38006FF871 /* OpenSans-SemiBold.ttf */; };
		216E2F3A29384CD8006FF871 /* BottomSheet.swift in Sources */ = {isa = PBXBuildFile; fileRef = 216E2F3929384CD8006FF871 /* BottomSheet.swift */; };
		216E2F3C29384DD3006FF871 /* ProfileFilterSheet.swift in Sources */ = {isa = PBXBuildFile; fileRef = 216E2F3B29384DD3006FF871 /* ProfileFilterSheet.swift */; };
		216E2F3E29385213006FF871 /* SwiftUISlider.swift in Sources */ = {isa = PBXBuildFile; fileRef = 216E2F3D29385213006FF871 /* SwiftUISlider.swift */; };
		216E2F402938596D006FF871 /* ProfileAndLikeView.swift in Sources */ = {isa = PBXBuildFile; fileRef = 216E2F3F2938596D006FF871 /* ProfileAndLikeView.swift */; };
		216E2F42293873EA006FF871 /* CustomAlert.swift in Sources */ = {isa = PBXBuildFile; fileRef = 216E2F41293873EA006FF871 /* CustomAlert.swift */; };
		217273EF2940337E0069CD43 /* PhotoCropper.swift in Sources */ = {isa = PBXBuildFile; fileRef = 217273E72940337D0069CD43 /* PhotoCropper.swift */; };
		217273F02940337E0069CD43 /* View+Extensions.swift in Sources */ = {isa = PBXBuildFile; fileRef = 217273E82940337E0069CD43 /* View+Extensions.swift */; };
		217273F12940337E0069CD43 /* ProfileImageModel.swift in Sources */ = {isa = PBXBuildFile; fileRef = 217273E92940337E0069CD43 /* ProfileImageModel.swift */; };
		217273F22940337E0069CD43 /* ViewSizeModel.swift in Sources */ = {isa = PBXBuildFile; fileRef = 217273EA2940337E0069CD43 /* ViewSizeModel.swift */; };
		217273F32940337E0069CD43 /* UIImage+Extensions.swift in Sources */ = {isa = PBXBuildFile; fileRef = 217273EB2940337E0069CD43 /* UIImage+Extensions.swift */; };
		217273F42940337E0069CD43 /* OrientationFormatType.swift in Sources */ = {isa = PBXBuildFile; fileRef = 217273EC2940337E0069CD43 /* OrientationFormatType.swift */; };
		217273F62940337E0069CD43 /* EnvironmentValues.swift in Sources */ = {isa = PBXBuildFile; fileRef = 217273EE2940337E0069CD43 /* EnvironmentValues.swift */; };
		21872A5F294186630075829E /* ChattingTextEditor.swift in Sources */ = {isa = PBXBuildFile; fileRef = 21872A5E294186630075829E /* ChattingTextEditor.swift */; };
		21872A6129418ADD0075829E /* ChattingViewModel.swift in Sources */ = {isa = PBXBuildFile; fileRef = 21872A6029418ADD0075829E /* ChattingViewModel.swift */; };
		21872A6329418B0E0075829E /* ChatMessage.swift in Sources */ = {isa = PBXBuildFile; fileRef = 21872A6229418B0E0075829E /* ChatMessage.swift */; };
		21872A75294234C20075829E /* PullToRefreshSwiftUI.swift in Sources */ = {isa = PBXBuildFile; fileRef = 21872A74294234C20075829E /* PullToRefreshSwiftUI.swift */; };
		219F49812945980900FED3E5 /* KeychainItem.swift in Sources */ = {isa = PBXBuildFile; fileRef = 219F49802945980900FED3E5 /* KeychainItem.swift */; };
		219F498429459C5800FED3E5 /* SessionManager.swift in Sources */ = {isa = PBXBuildFile; fileRef = 219F498329459C5800FED3E5 /* SessionManager.swift */; };
		219F49872945A4D300FED3E5 /* UserProfile.swift in Sources */ = {isa = PBXBuildFile; fileRef = 219F49862945A4D300FED3E5 /* UserProfile.swift */; };
		219F498B2945AB8E00FED3E5 /* GoogleService-Info.plist in Resources */ = {isa = PBXBuildFile; fileRef = 219F498A2945AB8E00FED3E5 /* GoogleService-Info.plist */; };
		219F498D2945DBBA00FED3E5 /* DeleteAccountView.swift in Sources */ = {isa = PBXBuildFile; fileRef = 219F498C2945DBBA00FED3E5 /* DeleteAccountView.swift */; };
		219F49902945E23A00FED3E5 /* SubscriptionView.swift in Sources */ = {isa = PBXBuildFile; fileRef = 219F498F2945E23A00FED3E5 /* SubscriptionView.swift */; };
		21C723DE2938932200C4B961 /* MyPlusView.swift in Sources */ = {isa = PBXBuildFile; fileRef = 21C723DD2938932200C4B961 /* MyPlusView.swift */; };
		21C723E029389AF200C4B961 /* SettingsView.swift in Sources */ = {isa = PBXBuildFile; fileRef = 21C723DF29389AF200C4B961 /* SettingsView.swift */; };
		21C723E229389D5D00C4B961 /* EditProfileView.swift in Sources */ = {isa = PBXBuildFile; fileRef = 21C723E129389D5D00C4B961 /* EditProfileView.swift */; };
		21E41D0C2938B57D00227BAA /* EditViewModel.swift in Sources */ = {isa = PBXBuildFile; fileRef = 21E41D0B2938B57D00227BAA /* EditViewModel.swift */; };
		21E41D0E2938B5F600227BAA /* ImagePicker.swift in Sources */ = {isa = PBXBuildFile; fileRef = 21E41D0D2938B5F600227BAA /* ImagePicker.swift */; };
		21E41D102938B63600227BAA /* Functions.swift in Sources */ = {isa = PBXBuildFile; fileRef = 21E41D0F2938B63600227BAA /* Functions.swift */; };
		21E41D122938B99400227BAA /* CustomActionSheet.swift in Sources */ = {isa = PBXBuildFile; fileRef = 21E41D112938B99400227BAA /* CustomActionSheet.swift */; };
		21E41D142938F8B800227BAA /* ReorderableForEach.swift in Sources */ = {isa = PBXBuildFile; fileRef = 21E41D132938F8B800227BAA /* ReorderableForEach.swift */; };
		21E41D172938FC6400227BAA /* AppSetting.swift in Sources */ = {isa = PBXBuildFile; fileRef = 21E41D162938FC6400227BAA /* AppSetting.swift */; };
		21E41D192938FE2200227BAA /* SettingViewModel.swift in Sources */ = {isa = PBXBuildFile; fileRef = 21E41D182938FE2200227BAA /* SettingViewModel.swift */; };
		21E41D1C293995CF00227BAA /* CreateAccountView.swift in Sources */ = {isa = PBXBuildFile; fileRef = 21E41D1B293995CF00227BAA /* CreateAccountView.swift */; };
		21E41D1E293995DA00227BAA /* CreateAccountViewModel.swift in Sources */ = {isa = PBXBuildFile; fileRef = 21E41D1D293995DA00227BAA /* CreateAccountViewModel.swift */; };
		21E41D2029399F4A00227BAA /* InputPhoneNumberView.swift in Sources */ = {isa = PBXBuildFile; fileRef = 21E41D1F29399F4A00227BAA /* InputPhoneNumberView.swift */; };
		21E41D242939A11000227BAA /* SignInViewModel.swift in Sources */ = {isa = PBXBuildFile; fileRef = 21E41D232939A11000227BAA /* SignInViewModel.swift */; };
		21E41D262939A61100227BAA /* AdaptsToKeyboard.swift in Sources */ = {isa = PBXBuildFile; fileRef = 21E41D252939A61100227BAA /* AdaptsToKeyboard.swift */; };
		21E41D2D2939BF9C00227BAA /* SignupView.swift in Sources */ = {isa = PBXBuildFile; fileRef = 21E41D2C2939BF9C00227BAA /* SignupView.swift */; };
		21E41D2F2939BFBF00227BAA /* SignupInfoView.swift in Sources */ = {isa = PBXBuildFile; fileRef = 21E41D2E2939BFBF00227BAA /* SignupInfoView.swift */; };
		21E41D312939C1C400227BAA /* PageControl.swift in Sources */ = {isa = PBXBuildFile; fileRef = 21E41D302939C1C400227BAA /* PageControl.swift */; };
		21E41D332939C6E600227BAA /* SignUpViewModel.swift in Sources */ = {isa = PBXBuildFile; fileRef = 21E41D322939C6E600227BAA /* SignUpViewModel.swift */; };
		21EBBEB0294073BF00398513 /* SinupImageView.swift in Sources */ = {isa = PBXBuildFile; fileRef = 21EBBEAF294073BF00398513 /* SinupImageView.swift */; };
		B640966743FAFC9F317F6124 /* Pods_upwork_match.framework in Frameworks */ = {isa = PBXBuildFile; fileRef = BA509921617B9624A38E2152 /* Pods_upwork_match.framework */; };
/* End PBXBuildFile section */

/* Begin PBXFileReference section */
		15CF094A280091D49C22400A /* Pods-upwork-match.release.xcconfig */ = {isa = PBXFileReference; includeInIndex = 1; lastKnownFileType = text.xcconfig; name = "Pods-upwork-match.release.xcconfig"; path = "Target Support Files/Pods-upwork-match/Pods-upwork-match.release.xcconfig"; sourceTree = "<group>"; };
		198805F99E61F2A1200FBD7F /* Pods-upwork-match.debug.xcconfig */ = {isa = PBXFileReference; includeInIndex = 1; lastKnownFileType = text.xcconfig; name = "Pods-upwork-match.debug.xcconfig"; path = "Target Support Files/Pods-upwork-match/Pods-upwork-match.debug.xcconfig"; sourceTree = "<group>"; };
		2112A898293A608C00129304 /* WellcomeView.swift */ = {isa = PBXFileReference; lastKnownFileType = sourcecode.swift; path = WellcomeView.swift; sourceTree = "<group>"; };
		2112A89B293AEFD600129304 /* EditPhotoView.swift */ = {isa = PBXFileReference; lastKnownFileType = sourcecode.swift; path = EditPhotoView.swift; sourceTree = "<group>"; };
		2112A89D293AF0AE00129304 /* ZoomableScrollView.swift */ = {isa = PBXFileReference; lastKnownFileType = sourcecode.swift; path = ZoomableScrollView.swift; sourceTree = "<group>"; };
		2112A89F293AF16500129304 /* Utilities.swift */ = {isa = PBXFileReference; lastKnownFileType = sourcecode.swift; path = Utilities.swift; sourceTree = "<group>"; };
		2112A8A7293AF82600129304 /* ImageModifier.swift */ = {isa = PBXFileReference; lastKnownFileType = sourcecode.swift; path = ImageModifier.swift; sourceTree = "<group>"; };
		2112A8A9293B103D00129304 /* BirthdateViewModel.swift */ = {isa = PBXFileReference; lastKnownFileType = sourcecode.swift; path = BirthdateViewModel.swift; sourceTree = "<group>"; };
		2112A8AC293B2B6C00129304 /* ChatListView.swift */ = {isa = PBXFileReference; lastKnownFileType = sourcecode.swift; path = ChatListView.swift; sourceTree = "<group>"; };
		2112A8AE293B30AA00129304 /* Chat.swift */ = {isa = PBXFileReference; lastKnownFileType = sourcecode.swift; path = Chat.swift; sourceTree = "<group>"; };
		2112A8B0293B310D00129304 /* ChatListModelView.swift */ = {isa = PBXFileReference; lastKnownFileType = sourcecode.swift; path = ChatListModelView.swift; sourceTree = "<group>"; };
		2112A8B2293B4A6800129304 /* Colors.xcassets */ = {isa = PBXFileReference; lastKnownFileType = folder.assetcatalog; path = Colors.xcassets; sourceTree = "<group>"; };
		2112A8B5293B4AFF00129304 /* Accessor.fonts.swift */ = {isa = PBXFileReference; fileEncoding = 4; lastKnownFileType = sourcecode.swift; path = Accessor.fonts.swift; sourceTree = "<group>"; };
		2112A8B6293B4AFF00129304 /* Accessor.assets.swift */ = {isa = PBXFileReference; fileEncoding = 4; lastKnownFileType = sourcecode.swift; path = Accessor.assets.swift; sourceTree = "<group>"; };
		2112A8B9293B4B2900129304 /* AppDelegate.swift */ = {isa = PBXFileReference; lastKnownFileType = sourcecode.swift; path = AppDelegate.swift; sourceTree = "<group>"; };
		2112A8BB293B4C1B00129304 /* Roboto-Medium.ttf */ = {isa = PBXFileReference; lastKnownFileType = file; path = "Roboto-Medium.ttf"; sourceTree = "<group>"; };
		2112A8BC293B4C1B00129304 /* Roboto-Black.ttf */ = {isa = PBXFileReference; lastKnownFileType = file; path = "Roboto-Black.ttf"; sourceTree = "<group>"; };
		2112A8BD293B4C1B00129304 /* Roboto-Bold.ttf */ = {isa = PBXFileReference; lastKnownFileType = file; path = "Roboto-Bold.ttf"; sourceTree = "<group>"; };
		2112A8BE293B4C1B00129304 /* Roboto-Regular.ttf */ = {isa = PBXFileReference; lastKnownFileType = file; path = "Roboto-Regular.ttf"; sourceTree = "<group>"; };
		2112A8C3293B508800129304 /* Info.plist */ = {isa = PBXFileReference; lastKnownFileType = text.plist; path = Info.plist; sourceTree = "<group>"; };
		2112A8C4293B563000129304 /* Montserrat-SemiBold.ttf */ = {isa = PBXFileReference; lastKnownFileType = file; path = "Montserrat-SemiBold.ttf"; sourceTree = "<group>"; };
		2112A8C5293B563000129304 /* Montserrat-Medium.ttf */ = {isa = PBXFileReference; lastKnownFileType = file; path = "Montserrat-Medium.ttf"; sourceTree = "<group>"; };
		2112A8C6293B563000129304 /* Montserrat-Bold.ttf */ = {isa = PBXFileReference; lastKnownFileType = file; path = "Montserrat-Bold.ttf"; sourceTree = "<group>"; };
		2112A8C7293B563000129304 /* Montserrat-Regular.ttf */ = {isa = PBXFileReference; lastKnownFileType = file; path = "Montserrat-Regular.ttf"; sourceTree = "<group>"; };
		2112A8C8293B563000129304 /* Montserrat-Black.ttf */ = {isa = PBXFileReference; lastKnownFileType = file; path = "Montserrat-Black.ttf"; sourceTree = "<group>"; };
		2112A8D0293BA12F00129304 /* countries.json */ = {isa = PBXFileReference; fileEncoding = 4; lastKnownFileType = text.json; path = countries.json; sourceTree = "<group>"; };
		2112A8D5293BA17700129304 /* Country.swift */ = {isa = PBXFileReference; lastKnownFileType = sourcecode.swift; path = Country.swift; sourceTree = "<group>"; };
		2112A8D9293BA23600129304 /* CountyPicker.swift */ = {isa = PBXFileReference; lastKnownFileType = sourcecode.swift; path = CountyPicker.swift; sourceTree = "<group>"; };
		2112A8DB293C45C900129304 /* CountryManager.swift */ = {isa = PBXFileReference; fileEncoding = 4; lastKnownFileType = sourcecode.swift; path = CountryManager.swift; sourceTree = "<group>"; };
		2112A8DD293C95E200129304 /* AnimationCompletionObserverModifier.swift */ = {isa = PBXFileReference; lastKnownFileType = sourcecode.swift; path = AnimationCompletionObserverModifier.swift; sourceTree = "<group>"; };
		2112A8DF293CBD6A00129304 /* ChatingView.swift */ = {isa = PBXFileReference; lastKnownFileType = sourcecode.swift; path = ChatingView.swift; sourceTree = "<group>"; };
		2112A8E1293CC05200129304 /* ChatingViewModel.swift */ = {isa = PBXFileReference; lastKnownFileType = sourcecode.swift; path = ChatingViewModel.swift; sourceTree = "<group>"; };
		2112A8E3293CC60500129304 /* PushNotiSettingView.swift */ = {isa = PBXFileReference; lastKnownFileType = sourcecode.swift; path = PushNotiSettingView.swift; sourceTree = "<group>"; };
		2112A8F4293CE87600129304 /* upwork-match.entitlements */ = {isa = PBXFileReference; lastKnownFileType = text.plist.entitlements; path = "upwork-match.entitlements"; sourceTree = "<group>"; };
		214661452940E4C800101812 /* SignInView.swift */ = {isa = PBXFileReference; lastKnownFileType = sourcecode.swift; path = SignInView.swift; sourceTree = "<group>"; };
		214A0FE729379445002D2EE3 /* upwork-match.app */ = {isa = PBXFileReference; explicitFileType = wrapper.application; includeInIndex = 0; path = "upwork-match.app"; sourceTree = BUILT_PRODUCTS_DIR; };
		214A0FEA29379445002D2EE3 /* upwork_matchApp.swift */ = {isa = PBXFileReference; lastKnownFileType = sourcecode.swift; path = upwork_matchApp.swift; sourceTree = "<group>"; };
		214A0FEC29379445002D2EE3 /* ContentView.swift */ = {isa = PBXFileReference; lastKnownFileType = sourcecode.swift; path = ContentView.swift; sourceTree = "<group>"; };
		214A0FEE29379446002D2EE3 /* Assets.xcassets */ = {isa = PBXFileReference; lastKnownFileType = folder.assetcatalog; path = Assets.xcassets; sourceTree = "<group>"; };
		214A0FF129379446002D2EE3 /* Preview Assets.xcassets */ = {isa = PBXFileReference; lastKnownFileType = folder.assetcatalog; path = "Preview Assets.xcassets"; sourceTree = "<group>"; };
		214A0FFA2937948B002D2EE3 /* DiscoverView.swift */ = {isa = PBXFileReference; lastKnownFileType = sourcecode.swift; path = DiscoverView.swift; sourceTree = "<group>"; };
		214A0FFC2937963E002D2EE3 /* SplashScreenView.swift */ = {isa = PBXFileReference; lastKnownFileType = sourcecode.swift; path = SplashScreenView.swift; sourceTree = "<group>"; };
		214A0FFF2937966E002D2EE3 /* Extentions.swift */ = {isa = PBXFileReference; lastKnownFileType = sourcecode.swift; path = Extentions.swift; sourceTree = "<group>"; };
		214A100129379693002D2EE3 /* Constant.swift */ = {isa = PBXFileReference; lastKnownFileType = sourcecode.swift; path = Constant.swift; sourceTree = "<group>"; };
		214A1004293799CA002D2EE3 /* TabBarView.swift */ = {isa = PBXFileReference; lastKnownFileType = sourcecode.swift; path = TabBarView.swift; sourceTree = "<group>"; };
		214A100829379A6A002D2EE3 /* ProfileView.swift */ = {isa = PBXFileReference; lastKnownFileType = sourcecode.swift; path = ProfileView.swift; sourceTree = "<group>"; };
		214A100A29379AE8002D2EE3 /* SplashScreeViewModel.swift */ = {isa = PBXFileReference; lastKnownFileType = sourcecode.swift; path = SplashScreeViewModel.swift; sourceTree = "<group>"; };
		214A100C2937A4A7002D2EE3 /* HomeViewModel.swift */ = {isa = PBXFileReference; lastKnownFileType = sourcecode.swift; path = HomeViewModel.swift; sourceTree = "<group>"; };
		214A100E2937A99D002D2EE3 /* Profile.swift */ = {isa = PBXFileReference; lastKnownFileType = sourcecode.swift; path = Profile.swift; sourceTree = "<group>"; };
		214A10142937B597002D2EE3 /* HomeView.swift */ = {isa = PBXFileReference; lastKnownFileType = sourcecode.swift; path = HomeView.swift; sourceTree = "<group>"; };
		2155A7C8293F90FB00E6D3DF /* PhotoCollection.swift */ = {isa = PBXFileReference; fileEncoding = 4; lastKnownFileType = sourcecode.swift; path = PhotoCollection.swift; sourceTree = "<group>"; };
		2155A7C9293F90FB00E6D3DF /* PhotoAsset.swift */ = {isa = PBXFileReference; fileEncoding = 4; lastKnownFileType = sourcecode.swift; path = PhotoAsset.swift; sourceTree = "<group>"; };
		2155A7CA293F90FB00E6D3DF /* CameraView.swift */ = {isa = PBXFileReference; fileEncoding = 4; lastKnownFileType = sourcecode.swift; path = CameraView.swift; sourceTree = "<group>"; };
		2155A7CB293F90FB00E6D3DF /* ThumbnailView.swift */ = {isa = PBXFileReference; fileEncoding = 4; lastKnownFileType = sourcecode.swift; path = ThumbnailView.swift; sourceTree = "<group>"; };
		2155A7CC293F90FB00E6D3DF /* CachedImageManager.swift */ = {isa = PBXFileReference; fileEncoding = 4; lastKnownFileType = sourcecode.swift; path = CachedImageManager.swift; sourceTree = "<group>"; };
		2155A7CD293F90FB00E6D3DF /* DataModel.swift */ = {isa = PBXFileReference; fileEncoding = 4; lastKnownFileType = sourcecode.swift; path = DataModel.swift; sourceTree = "<group>"; };
		2155A7CE293F90FB00E6D3DF /* PhotoItemView.swift */ = {isa = PBXFileReference; fileEncoding = 4; lastKnownFileType = sourcecode.swift; path = PhotoItemView.swift; sourceTree = "<group>"; };
		2155A7CF293F90FB00E6D3DF /* PhotoAssetCollection.swift */ = {isa = PBXFileReference; fileEncoding = 4; lastKnownFileType = sourcecode.swift; path = PhotoAssetCollection.swift; sourceTree = "<group>"; };
		2155A7D0293F90FB00E6D3DF /* Camera.swift */ = {isa = PBXFileReference; fileEncoding = 4; lastKnownFileType = sourcecode.swift; path = Camera.swift; sourceTree = "<group>"; };
		2155A7D1293F90FB00E6D3DF /* PhotoLibrary.swift */ = {isa = PBXFileReference; fileEncoding = 4; lastKnownFileType = sourcecode.swift; path = PhotoLibrary.swift; sourceTree = "<group>"; };
		2155A7D3293F90FB00E6D3DF /* ViewfinderView.swift */ = {isa = PBXFileReference; fileEncoding = 4; lastKnownFileType = sourcecode.swift; path = ViewfinderView.swift; sourceTree = "<group>"; };
		2155A7D4293F90FB00E6D3DF /* PhotoCollectionView.swift */ = {isa = PBXFileReference; fileEncoding = 4; lastKnownFileType = sourcecode.swift; path = PhotoCollectionView.swift; sourceTree = "<group>"; };
		2155A7D5293F90FB00E6D3DF /* PhotoView.swift */ = {isa = PBXFileReference; fileEncoding = 4; lastKnownFileType = sourcecode.swift; path = PhotoView.swift; sourceTree = "<group>"; };
		216E2F2029384B38006FF871 /* OpenSans-ExtraBold.ttf */ = {isa = PBXFileReference; lastKnownFileType = file; path = "OpenSans-ExtraBold.ttf"; sourceTree = "<group>"; };
		216E2F2129384B38006FF871 /* OpenSans-SemiBoldItalic.ttf */ = {isa = PBXFileReference; lastKnownFileType = file; path = "OpenSans-SemiBoldItalic.ttf"; sourceTree = "<group>"; };
		216E2F2229384B38006FF871 /* OpenSans-Bold.ttf */ = {isa = PBXFileReference; lastKnownFileType = file; path = "OpenSans-Bold.ttf"; sourceTree = "<group>"; };
		216E2F2329384B38006FF871 /* OpenSans-Medium.ttf */ = {isa = PBXFileReference; lastKnownFileType = file; path = "OpenSans-Medium.ttf"; sourceTree = "<group>"; };
		216E2F2429384B38006FF871 /* OpenSans-ExtraBoldItalic.ttf */ = {isa = PBXFileReference; lastKnownFileType = file; path = "OpenSans-ExtraBoldItalic.ttf"; sourceTree = "<group>"; };
		216E2F2529384B38006FF871 /* OpenSans-Light.ttf */ = {isa = PBXFileReference; lastKnownFileType = file; path = "OpenSans-Light.ttf"; sourceTree = "<group>"; };
		216E2F2629384B38006FF871 /* OpenSans-BoldItalic.ttf */ = {isa = PBXFileReference; lastKnownFileType = file; path = "OpenSans-BoldItalic.ttf"; sourceTree = "<group>"; };
		216E2F2729384B38006FF871 /* OpenSans-Italic.ttf */ = {isa = PBXFileReference; lastKnownFileType = file; path = "OpenSans-Italic.ttf"; sourceTree = "<group>"; };
		216E2F2829384B38006FF871 /* OpenSans-LightItalic.ttf */ = {isa = PBXFileReference; lastKnownFileType = file; path = "OpenSans-LightItalic.ttf"; sourceTree = "<group>"; };
		216E2F2929384B38006FF871 /* OpenSans-MediumItalic.ttf */ = {isa = PBXFileReference; lastKnownFileType = file; path = "OpenSans-MediumItalic.ttf"; sourceTree = "<group>"; };
		216E2F2A29384B38006FF871 /* OpenSans-Regular.ttf */ = {isa = PBXFileReference; lastKnownFileType = file; path = "OpenSans-Regular.ttf"; sourceTree = "<group>"; };
		216E2F2B29384B38006FF871 /* OpenSans-SemiBold.ttf */ = {isa = PBXFileReference; lastKnownFileType = file; path = "OpenSans-SemiBold.ttf"; sourceTree = "<group>"; };
		216E2F3929384CD8006FF871 /* BottomSheet.swift */ = {isa = PBXFileReference; lastKnownFileType = sourcecode.swift; path = BottomSheet.swift; sourceTree = "<group>"; };
		216E2F3B29384DD3006FF871 /* ProfileFilterSheet.swift */ = {isa = PBXFileReference; lastKnownFileType = sourcecode.swift; path = ProfileFilterSheet.swift; sourceTree = "<group>"; };
		216E2F3D29385213006FF871 /* SwiftUISlider.swift */ = {isa = PBXFileReference; lastKnownFileType = sourcecode.swift; path = SwiftUISlider.swift; sourceTree = "<group>"; };
		216E2F3F2938596D006FF871 /* ProfileAndLikeView.swift */ = {isa = PBXFileReference; lastKnownFileType = sourcecode.swift; path = ProfileAndLikeView.swift; sourceTree = "<group>"; };
		216E2F41293873EA006FF871 /* CustomAlert.swift */ = {isa = PBXFileReference; lastKnownFileType = sourcecode.swift; path = CustomAlert.swift; sourceTree = "<group>"; };
		217273E72940337D0069CD43 /* PhotoCropper.swift */ = {isa = PBXFileReference; fileEncoding = 4; lastKnownFileType = sourcecode.swift; path = PhotoCropper.swift; sourceTree = "<group>"; };
		217273E82940337E0069CD43 /* View+Extensions.swift */ = {isa = PBXFileReference; fileEncoding = 4; lastKnownFileType = sourcecode.swift; path = "View+Extensions.swift"; sourceTree = "<group>"; };
		217273E92940337E0069CD43 /* ProfileImageModel.swift */ = {isa = PBXFileReference; fileEncoding = 4; lastKnownFileType = sourcecode.swift; path = ProfileImageModel.swift; sourceTree = "<group>"; };
		217273EA2940337E0069CD43 /* ViewSizeModel.swift */ = {isa = PBXFileReference; fileEncoding = 4; lastKnownFileType = sourcecode.swift; path = ViewSizeModel.swift; sourceTree = "<group>"; };
		217273EB2940337E0069CD43 /* UIImage+Extensions.swift */ = {isa = PBXFileReference; fileEncoding = 4; lastKnownFileType = sourcecode.swift; path = "UIImage+Extensions.swift"; sourceTree = "<group>"; };
		217273EC2940337E0069CD43 /* OrientationFormatType.swift */ = {isa = PBXFileReference; fileEncoding = 4; lastKnownFileType = sourcecode.swift; path = OrientationFormatType.swift; sourceTree = "<group>"; };
		217273EE2940337E0069CD43 /* EnvironmentValues.swift */ = {isa = PBXFileReference; fileEncoding = 4; lastKnownFileType = sourcecode.swift; path = EnvironmentValues.swift; sourceTree = "<group>"; };
		21872A5E294186630075829E /* ChattingTextEditor.swift */ = {isa = PBXFileReference; lastKnownFileType = sourcecode.swift; path = ChattingTextEditor.swift; sourceTree = "<group>"; };
		21872A6029418ADD0075829E /* ChattingViewModel.swift */ = {isa = PBXFileReference; lastKnownFileType = sourcecode.swift; path = ChattingViewModel.swift; sourceTree = "<group>"; };
		21872A6229418B0E0075829E /* ChatMessage.swift */ = {isa = PBXFileReference; lastKnownFileType = sourcecode.swift; path = ChatMessage.swift; sourceTree = "<group>"; };
		21872A74294234C20075829E /* PullToRefreshSwiftUI.swift */ = {isa = PBXFileReference; lastKnownFileType = sourcecode.swift; path = PullToRefreshSwiftUI.swift; sourceTree = "<group>"; };
		219F49802945980900FED3E5 /* KeychainItem.swift */ = {isa = PBXFileReference; lastKnownFileType = sourcecode.swift; path = KeychainItem.swift; sourceTree = "<group>"; };
		219F498329459C5800FED3E5 /* SessionManager.swift */ = {isa = PBXFileReference; lastKnownFileType = sourcecode.swift; path = SessionManager.swift; sourceTree = "<group>"; };
		219F49862945A4D300FED3E5 /* UserProfile.swift */ = {isa = PBXFileReference; lastKnownFileType = sourcecode.swift; path = UserProfile.swift; sourceTree = "<group>"; };
		219F498A2945AB8E00FED3E5 /* GoogleService-Info.plist */ = {isa = PBXFileReference; fileEncoding = 4; lastKnownFileType = text.plist.xml; path = "GoogleService-Info.plist"; sourceTree = "<group>"; };
		219F498C2945DBBA00FED3E5 /* DeleteAccountView.swift */ = {isa = PBXFileReference; lastKnownFileType = sourcecode.swift; path = DeleteAccountView.swift; sourceTree = "<group>"; };
		219F498F2945E23A00FED3E5 /* SubscriptionView.swift */ = {isa = PBXFileReference; lastKnownFileType = sourcecode.swift; path = SubscriptionView.swift; sourceTree = "<group>"; };
		21C723DD2938932200C4B961 /* MyPlusView.swift */ = {isa = PBXFileReference; lastKnownFileType = sourcecode.swift; path = MyPlusView.swift; sourceTree = "<group>"; };
		21C723DF29389AF200C4B961 /* SettingsView.swift */ = {isa = PBXFileReference; lastKnownFileType = sourcecode.swift; path = SettingsView.swift; sourceTree = "<group>"; };
		21C723E129389D5D00C4B961 /* EditProfileView.swift */ = {isa = PBXFileReference; fileEncoding = 4; lastKnownFileType = sourcecode.swift; path = EditProfileView.swift; sourceTree = "<group>"; };
		21E41D0B2938B57D00227BAA /* EditViewModel.swift */ = {isa = PBXFileReference; lastKnownFileType = sourcecode.swift; path = EditViewModel.swift; sourceTree = "<group>"; };
		21E41D0D2938B5F600227BAA /* ImagePicker.swift */ = {isa = PBXFileReference; lastKnownFileType = sourcecode.swift; path = ImagePicker.swift; sourceTree = "<group>"; };
		21E41D0F2938B63600227BAA /* Functions.swift */ = {isa = PBXFileReference; lastKnownFileType = sourcecode.swift; path = Functions.swift; sourceTree = "<group>"; };
		21E41D112938B99400227BAA /* CustomActionSheet.swift */ = {isa = PBXFileReference; lastKnownFileType = sourcecode.swift; path = CustomActionSheet.swift; sourceTree = "<group>"; };
		21E41D132938F8B800227BAA /* ReorderableForEach.swift */ = {isa = PBXFileReference; lastKnownFileType = sourcecode.swift; path = ReorderableForEach.swift; sourceTree = "<group>"; };
		21E41D162938FC6400227BAA /* AppSetting.swift */ = {isa = PBXFileReference; lastKnownFileType = sourcecode.swift; path = AppSetting.swift; sourceTree = "<group>"; };
		21E41D182938FE2200227BAA /* SettingViewModel.swift */ = {isa = PBXFileReference; lastKnownFileType = sourcecode.swift; path = SettingViewModel.swift; sourceTree = "<group>"; };
		21E41D1B293995CF00227BAA /* CreateAccountView.swift */ = {isa = PBXFileReference; lastKnownFileType = sourcecode.swift; path = CreateAccountView.swift; sourceTree = "<group>"; };
		21E41D1D293995DA00227BAA /* CreateAccountViewModel.swift */ = {isa = PBXFileReference; lastKnownFileType = sourcecode.swift; path = CreateAccountViewModel.swift; sourceTree = "<group>"; };
		21E41D1F29399F4A00227BAA /* InputPhoneNumberView.swift */ = {isa = PBXFileReference; lastKnownFileType = sourcecode.swift; path = InputPhoneNumberView.swift; sourceTree = "<group>"; };
		21E41D232939A11000227BAA /* SignInViewModel.swift */ = {isa = PBXFileReference; lastKnownFileType = sourcecode.swift; path = SignInViewModel.swift; sourceTree = "<group>"; };
		21E41D252939A61100227BAA /* AdaptsToKeyboard.swift */ = {isa = PBXFileReference; lastKnownFileType = sourcecode.swift; path = AdaptsToKeyboard.swift; sourceTree = "<group>"; };
		21E41D2C2939BF9C00227BAA /* SignupView.swift */ = {isa = PBXFileReference; lastKnownFileType = sourcecode.swift; path = SignupView.swift; sourceTree = "<group>"; };
		21E41D2E2939BFBF00227BAA /* SignupInfoView.swift */ = {isa = PBXFileReference; lastKnownFileType = sourcecode.swift; path = SignupInfoView.swift; sourceTree = "<group>"; };
		21E41D302939C1C400227BAA /* PageControl.swift */ = {isa = PBXFileReference; lastKnownFileType = sourcecode.swift; path = PageControl.swift; sourceTree = "<group>"; };
		21E41D322939C6E600227BAA /* SignUpViewModel.swift */ = {isa = PBXFileReference; lastKnownFileType = sourcecode.swift; path = SignUpViewModel.swift; sourceTree = "<group>"; };
		21EBBEAF294073BF00398513 /* SinupImageView.swift */ = {isa = PBXFileReference; lastKnownFileType = sourcecode.swift; path = SinupImageView.swift; sourceTree = "<group>"; };
		BA509921617B9624A38E2152 /* Pods_upwork_match.framework */ = {isa = PBXFileReference; explicitFileType = wrapper.framework; includeInIndex = 0; path = Pods_upwork_match.framework; sourceTree = BUILT_PRODUCTS_DIR; };
/* End PBXFileReference section */

/* Begin PBXFrameworksBuildPhase section */
		214A0FE429379445002D2EE3 /* Frameworks */ = {
			isa = PBXFrameworksBuildPhase;
			buildActionMask = 2147483647;
			files = (
				2112A8EF293CDFEA00129304 /* FirebaseMessaging in Frameworks */,
				2112A8ED293CDFEA00129304 /* FirebaseFirestoreSwift in Frameworks */,
				2112A8EB293CDFEA00129304 /* FirebaseDatabaseSwift in Frameworks */,
				2112A8E7293CDFEA00129304 /* FirebaseAnalyticsSwift in Frameworks */,
				2112A8F1293CDFEA00129304 /* FirebaseStorage in Frameworks */,
				2112A8E9293CDFEA00129304 /* FirebaseAuth in Frameworks */,
				214A10122937AA63002D2EE3 /* SDWebImageSwiftUI in Frameworks */,
				B640966743FAFC9F317F6124 /* Pods_upwork_match.framework in Frameworks */,
			);
			runOnlyForDeploymentPostprocessing = 0;
		};
/* End PBXFrameworksBuildPhase section */

/* Begin PBXGroup section */
		2112A89A293AEFC600129304 /* EditPhoto */ = {
			isa = PBXGroup;
			children = (
				217273EE2940337E0069CD43 /* EnvironmentValues.swift */,
				217273EC2940337E0069CD43 /* OrientationFormatType.swift */,
				217273E72940337D0069CD43 /* PhotoCropper.swift */,
				217273E92940337E0069CD43 /* ProfileImageModel.swift */,
				217273EB2940337E0069CD43 /* UIImage+Extensions.swift */,
				217273E82940337E0069CD43 /* View+Extensions.swift */,
				217273EA2940337E0069CD43 /* ViewSizeModel.swift */,
				2112A89B293AEFD600129304 /* EditPhotoView.swift */,
				2112A8A7293AF82600129304 /* ImageModifier.swift */,
			);
			path = EditPhoto;
			sourceTree = "<group>";
		};
		2112A8AB293B2B4A00129304 /* Chats */ = {
			isa = PBXGroup;
			children = (
				2112A8AC293B2B6C00129304 /* ChatListView.swift */,
				2112A8AE293B30AA00129304 /* Chat.swift */,
				2112A8B0293B310D00129304 /* ChatListModelView.swift */,
				2112A8DF293CBD6A00129304 /* ChatingView.swift */,
				2112A8E1293CC05200129304 /* ChatingViewModel.swift */,
				21872A5E294186630075829E /* ChattingTextEditor.swift */,
				21872A6029418ADD0075829E /* ChattingViewModel.swift */,
				21872A6229418B0E0075829E /* ChatMessage.swift */,
			);
			path = Chats;
			sourceTree = "<group>";
		};
		2112A8B4293B4AF100129304 /* SwiftGen */ = {
			isa = PBXGroup;
			children = (
				2112A8B6293B4AFF00129304 /* Accessor.assets.swift */,
				2112A8B5293B4AFF00129304 /* Accessor.fonts.swift */,
			);
			path = SwiftGen;
			sourceTree = "<group>";
		};
		2112A8D2293BA13F00129304 /* CountryPicker */ = {
			isa = PBXGroup;
			children = (
				2112A8DB293C45C900129304 /* CountryManager.swift */,
				2112A8D5293BA17700129304 /* Country.swift */,
				2112A8D9293BA23600129304 /* CountyPicker.swift */,
			);
			path = CountryPicker;
			sourceTree = "<group>";
		};
		214A0FDE29379445002D2EE3 = {
			isa = PBXGroup;
			children = (
				214A0FE929379445002D2EE3 /* upwork-match */,
				214A0FE829379445002D2EE3 /* Products */,
				B04D255658A5FBF4F3DD4886 /* Pods */,
				405D55D92F2A15CCB1143042 /* Frameworks */,
			);
			sourceTree = "<group>";
		};
		214A0FE829379445002D2EE3 /* Products */ = {
			isa = PBXGroup;
			children = (
				214A0FE729379445002D2EE3 /* upwork-match.app */,
			);
			name = Products;
			sourceTree = "<group>";
		};
		214A0FE929379445002D2EE3 /* upwork-match */ = {
			isa = PBXGroup;
			children = (
				219F49852945A4C200FED3E5 /* Model */,
				219F498229459C4F00FED3E5 /* Managers */,
				21872A66294232B80075829E /* Libs */,
				217F60A2293CF2360024A378 /* Services */,
				2112A8F4293CE87600129304 /* upwork-match.entitlements */,
				2112A8C3293B508800129304 /* Info.plist */,
				2112A8B4293B4AF100129304 /* SwiftGen */,
				216E2F1E29384B23006FF871 /* Resources */,
				214A0FFE29379656002D2EE3 /* Utility */,
				214A0FF829379478002D2EE3 /* AppModules */,
				214A0FEA29379445002D2EE3 /* upwork_matchApp.swift */,
				214A0FEC29379445002D2EE3 /* ContentView.swift */,
				214A0FF029379446002D2EE3 /* Preview Content */,
				2112A8B9293B4B2900129304 /* AppDelegate.swift */,
			);
			path = "upwork-match";
			sourceTree = "<group>";
		};
		214A0FF029379446002D2EE3 /* Preview Content */ = {
			isa = PBXGroup;
			children = (
				214A0FF129379446002D2EE3 /* Preview Assets.xcassets */,
			);
			path = "Preview Content";
			sourceTree = "<group>";
		};
		214A0FF829379478002D2EE3 /* AppModules */ = {
			isa = PBXGroup;
			children = (
				219F498E2945E21B00FED3E5 /* Subscription */,
				2155A7C1293F8EBB00E6D3DF /* CameraView */,
				2112A8D2293BA13F00129304 /* CountryPicker */,
				2112A8AB293B2B4A00129304 /* Chats */,
				2112A89A293AEFC600129304 /* EditPhoto */,
				21E41D2B2939BF8C00227BAA /* Signup */,
				21E41D1A293995C000227BAA /* CreateAccount */,
				21E41D152938FC5000227BAA /* AppSettings */,
				216E2F3829384CCF006FF871 /* Common */,
				214A10132937B588002D2EE3 /* HomeView */,
				214A100729379A5C002D2EE3 /* ProfileView */,
				214A1003293799BC002D2EE3 /* TabBarView */,
				214A0FF92937947F002D2EE3 /* Discover */,
				214A0FFC2937963E002D2EE3 /* SplashScreenView.swift */,
				214A100A29379AE8002D2EE3 /* SplashScreeViewModel.swift */,
			);
			path = AppModules;
			sourceTree = "<group>";
		};
		214A0FF92937947F002D2EE3 /* Discover */ = {
			isa = PBXGroup;
			children = (
				214A0FFA2937948B002D2EE3 /* DiscoverView.swift */,
				214A100C2937A4A7002D2EE3 /* HomeViewModel.swift */,
				214A100E2937A99D002D2EE3 /* Profile.swift */,
				216E2F3B29384DD3006FF871 /* ProfileFilterSheet.swift */,
				216E2F3F2938596D006FF871 /* ProfileAndLikeView.swift */,
			);
			path = Discover;
			sourceTree = "<group>";
		};
		214A0FFE29379656002D2EE3 /* Utility */ = {
			isa = PBXGroup;
			children = (
				214A0FFF2937966E002D2EE3 /* Extentions.swift */,
				214A100129379693002D2EE3 /* Constant.swift */,
				21E41D0F2938B63600227BAA /* Functions.swift */,
				21E41D252939A61100227BAA /* AdaptsToKeyboard.swift */,
				2112A89F293AF16500129304 /* Utilities.swift */,
				219F49802945980900FED3E5 /* KeychainItem.swift */,
			);
			path = Utility;
			sourceTree = "<group>";
		};
		214A1003293799BC002D2EE3 /* TabBarView */ = {
			isa = PBXGroup;
			children = (
				214A1004293799CA002D2EE3 /* TabBarView.swift */,
			);
			path = TabBarView;
			sourceTree = "<group>";
		};
		214A100729379A5C002D2EE3 /* ProfileView */ = {
			isa = PBXGroup;
			children = (
				214A100829379A6A002D2EE3 /* ProfileView.swift */,
				21C723DD2938932200C4B961 /* MyPlusView.swift */,
				21C723E129389D5D00C4B961 /* EditProfileView.swift */,
				21E41D0B2938B57D00227BAA /* EditViewModel.swift */,
			);
			path = ProfileView;
			sourceTree = "<group>";
		};
		214A10132937B588002D2EE3 /* HomeView */ = {
			isa = PBXGroup;
			children = (
				214A10142937B597002D2EE3 /* HomeView.swift */,
			);
			path = HomeView;
			sourceTree = "<group>";
		};
		2155A7C1293F8EBB00E6D3DF /* CameraView */ = {
			isa = PBXGroup;
			children = (
				2155A7CC293F90FB00E6D3DF /* CachedImageManager.swift */,
				2155A7D0293F90FB00E6D3DF /* Camera.swift */,
				2155A7CA293F90FB00E6D3DF /* CameraView.swift */,
				2155A7CD293F90FB00E6D3DF /* DataModel.swift */,
				2155A7C9293F90FB00E6D3DF /* PhotoAsset.swift */,
				2155A7CF293F90FB00E6D3DF /* PhotoAssetCollection.swift */,
				2155A7C8293F90FB00E6D3DF /* PhotoCollection.swift */,
				2155A7D4293F90FB00E6D3DF /* PhotoCollectionView.swift */,
				2155A7CE293F90FB00E6D3DF /* PhotoItemView.swift */,
				2155A7D1293F90FB00E6D3DF /* PhotoLibrary.swift */,
				2155A7D5293F90FB00E6D3DF /* PhotoView.swift */,
				2155A7CB293F90FB00E6D3DF /* ThumbnailView.swift */,
				2155A7D3293F90FB00E6D3DF /* ViewfinderView.swift */,
			);
			path = CameraView;
			sourceTree = "<group>";
		};
		216E2F1E29384B23006FF871 /* Resources */ = {
			isa = PBXGroup;
			children = (
				219F498A2945AB8E00FED3E5 /* GoogleService-Info.plist */,
				2112A8D0293BA12F00129304 /* countries.json */,
				214A0FEE29379446002D2EE3 /* Assets.xcassets */,
				2112A8B2293B4A6800129304 /* Colors.xcassets */,
				216E2F1F29384B2B006FF871 /* Fonts */,
			);
			path = Resources;
			sourceTree = "<group>";
		};
		216E2F1F29384B2B006FF871 /* Fonts */ = {
			isa = PBXGroup;
			children = (
				2112A8C8293B563000129304 /* Montserrat-Black.ttf */,
				2112A8C6293B563000129304 /* Montserrat-Bold.ttf */,
				2112A8C5293B563000129304 /* Montserrat-Medium.ttf */,
				2112A8C7293B563000129304 /* Montserrat-Regular.ttf */,
				2112A8C4293B563000129304 /* Montserrat-SemiBold.ttf */,
				2112A8BC293B4C1B00129304 /* Roboto-Black.ttf */,
				2112A8BD293B4C1B00129304 /* Roboto-Bold.ttf */,
				2112A8BB293B4C1B00129304 /* Roboto-Medium.ttf */,
				2112A8BE293B4C1B00129304 /* Roboto-Regular.ttf */,
				216E2F2229384B38006FF871 /* OpenSans-Bold.ttf */,
				216E2F2629384B38006FF871 /* OpenSans-BoldItalic.ttf */,
				216E2F2029384B38006FF871 /* OpenSans-ExtraBold.ttf */,
				216E2F2429384B38006FF871 /* OpenSans-ExtraBoldItalic.ttf */,
				216E2F2729384B38006FF871 /* OpenSans-Italic.ttf */,
				216E2F2529384B38006FF871 /* OpenSans-Light.ttf */,
				216E2F2829384B38006FF871 /* OpenSans-LightItalic.ttf */,
				216E2F2329384B38006FF871 /* OpenSans-Medium.ttf */,
				216E2F2929384B38006FF871 /* OpenSans-MediumItalic.ttf */,
				216E2F2A29384B38006FF871 /* OpenSans-Regular.ttf */,
				216E2F2B29384B38006FF871 /* OpenSans-SemiBold.ttf */,
				216E2F2129384B38006FF871 /* OpenSans-SemiBoldItalic.ttf */,
			);
			path = Fonts;
			sourceTree = "<group>";
		};
		216E2F3829384CCF006FF871 /* Common */ = {
			isa = PBXGroup;
			children = (
				216E2F3929384CD8006FF871 /* BottomSheet.swift */,
				216E2F3D29385213006FF871 /* SwiftUISlider.swift */,
				216E2F41293873EA006FF871 /* CustomAlert.swift */,
				21E41D0D2938B5F600227BAA /* ImagePicker.swift */,
				21E41D112938B99400227BAA /* CustomActionSheet.swift */,
				21E41D132938F8B800227BAA /* ReorderableForEach.swift */,
				21E41D302939C1C400227BAA /* PageControl.swift */,
				2112A89D293AF0AE00129304 /* ZoomableScrollView.swift */,
				2112A8DD293C95E200129304 /* AnimationCompletionObserverModifier.swift */,
			);
			path = Common;
			sourceTree = "<group>";
		};
		217F60A2293CF2360024A378 /* Services */ = {
			isa = PBXGroup;
			children = (
			);
			path = Services;
			sourceTree = "<group>";
		};
		21872A66294232B80075829E /* Libs */ = {
			isa = PBXGroup;
			children = (
				21872A74294234C20075829E /* PullToRefreshSwiftUI.swift */,
			);
			path = Libs;
			sourceTree = "<group>";
		};
		219F498229459C4F00FED3E5 /* Managers */ = {
			isa = PBXGroup;
			children = (
				219F498329459C5800FED3E5 /* SessionManager.swift */,
			);
			path = Managers;
			sourceTree = "<group>";
		};
		219F49852945A4C200FED3E5 /* Model */ = {
			isa = PBXGroup;
			children = (
				219F49862945A4D300FED3E5 /* UserProfile.swift */,
			);
			path = Model;
			sourceTree = "<group>";
		};
		219F498E2945E21B00FED3E5 /* Subscription */ = {
			isa = PBXGroup;
			children = (
				219F498F2945E23A00FED3E5 /* SubscriptionView.swift */,
			);
			path = Subscription;
			sourceTree = "<group>";
		};
		21E41D152938FC5000227BAA /* AppSettings */ = {
			isa = PBXGroup;
			children = (
				21C723DF29389AF200C4B961 /* SettingsView.swift */,
				21E41D162938FC6400227BAA /* AppSetting.swift */,
				21E41D182938FE2200227BAA /* SettingViewModel.swift */,
				2112A8E3293CC60500129304 /* PushNotiSettingView.swift */,
			);
			path = AppSettings;
			sourceTree = "<group>";
		};
		21E41D1A293995C000227BAA /* CreateAccount */ = {
			isa = PBXGroup;
			children = (
				21E41D1B293995CF00227BAA /* CreateAccountView.swift */,
				21E41D1D293995DA00227BAA /* CreateAccountViewModel.swift */,
				21E41D1F29399F4A00227BAA /* InputPhoneNumberView.swift */,
				21E41D232939A11000227BAA /* SignInViewModel.swift */,
				214661452940E4C800101812 /* SignInView.swift */,
				219F498C2945DBBA00FED3E5 /* DeleteAccountView.swift */,
			);
			path = CreateAccount;
			sourceTree = "<group>";
		};
		21E41D2B2939BF8C00227BAA /* Signup */ = {
			isa = PBXGroup;
			children = (
				21E41D2C2939BF9C00227BAA /* SignupView.swift */,
				21E41D2E2939BFBF00227BAA /* SignupInfoView.swift */,
				21E41D322939C6E600227BAA /* SignUpViewModel.swift */,
				2112A898293A608C00129304 /* WellcomeView.swift */,
				2112A8A9293B103D00129304 /* BirthdateViewModel.swift */,
				21EBBEAF294073BF00398513 /* SinupImageView.swift */,
			);
			path = Signup;
			sourceTree = "<group>";
		};
		405D55D92F2A15CCB1143042 /* Frameworks */ = {
			isa = PBXGroup;
			children = (
				BA509921617B9624A38E2152 /* Pods_upwork_match.framework */,
			);
			name = Frameworks;
			sourceTree = "<group>";
		};
		B04D255658A5FBF4F3DD4886 /* Pods */ = {
			isa = PBXGroup;
			children = (
				198805F99E61F2A1200FBD7F /* Pods-upwork-match.debug.xcconfig */,
				15CF094A280091D49C22400A /* Pods-upwork-match.release.xcconfig */,
			);
			path = Pods;
			sourceTree = "<group>";
		};
/* End PBXGroup section */

/* Begin PBXNativeTarget section */
		214A0FE629379445002D2EE3 /* upwork-match */ = {
			isa = PBXNativeTarget;
			buildConfigurationList = 214A0FF529379446002D2EE3 /* Build configuration list for PBXNativeTarget "upwork-match" */;
			buildPhases = (
				7D96C23BF25FAD3B468EB64B /* [CP] Check Pods Manifest.lock */,
				214A0FE329379445002D2EE3 /* Sources */,
				214A0FE429379445002D2EE3 /* Frameworks */,
				214A0FE529379445002D2EE3 /* Resources */,
				CEDB1B6B2C8E5F22A8D54705 /* [CP] Embed Pods Frameworks */,
			);
			buildRules = (
			);
			dependencies = (
			);
			name = "upwork-match";
			packageProductDependencies = (
				214A10112937AA63002D2EE3 /* SDWebImageSwiftUI */,
				2112A8E6293CDFEA00129304 /* FirebaseAnalyticsSwift */,
				2112A8E8293CDFEA00129304 /* FirebaseAuth */,
				2112A8EA293CDFEA00129304 /* FirebaseDatabaseSwift */,
				2112A8EC293CDFEA00129304 /* FirebaseFirestoreSwift */,
				2112A8EE293CDFEA00129304 /* FirebaseMessaging */,
				2112A8F0293CDFEA00129304 /* FirebaseStorage */,
			);
			productName = "upwork-match";
			productReference = 214A0FE729379445002D2EE3 /* upwork-match.app */;
			productType = "com.apple.product-type.application";
		};
/* End PBXNativeTarget section */

/* Begin PBXProject section */
		214A0FDF29379445002D2EE3 /* Project object */ = {
			isa = PBXProject;
			attributes = {
				BuildIndependentTargetsInParallel = 1;
				LastSwiftUpdateCheck = 1330;
				LastUpgradeCheck = 1330;
				TargetAttributes = {
					214A0FE629379445002D2EE3 = {
						CreatedOnToolsVersion = 13.3.1;
					};
				};
			};
			buildConfigurationList = 214A0FE229379445002D2EE3 /* Build configuration list for PBXProject "upwork-match" */;
			compatibilityVersion = "Xcode 13.0";
			developmentRegion = en;
			hasScannedForEncodings = 0;
			knownRegions = (
				en,
				Base,
			);
			mainGroup = 214A0FDE29379445002D2EE3;
			packageReferences = (
				214A10102937AA63002D2EE3 /* XCRemoteSwiftPackageReference "SDWebImageSwiftUI" */,
				2112A8E5293CDFEA00129304 /* XCRemoteSwiftPackageReference "firebase-ios-sdk" */,
			);
			productRefGroup = 214A0FE829379445002D2EE3 /* Products */;
			projectDirPath = "";
			projectRoot = "";
			targets = (
				214A0FE629379445002D2EE3 /* upwork-match */,
			);
		};
/* End PBXProject section */

/* Begin PBXResourcesBuildPhase section */
		214A0FE529379445002D2EE3 /* Resources */ = {
			isa = PBXResourcesBuildPhase;
			buildActionMask = 2147483647;
			files = (
				2112A8BF293B4C1B00129304 /* Roboto-Medium.ttf in Resources */,
				2112A8B3293B4A6800129304 /* Colors.xcassets in Resources */,
				2112A8CC293B563000129304 /* Montserrat-Regular.ttf in Resources */,
				216E2F2F29384B38006FF871 /* OpenSans-Medium.ttf in Resources */,
				216E2F3029384B38006FF871 /* OpenSans-ExtraBoldItalic.ttf in Resources */,
				216E2F3729384B38006FF871 /* OpenSans-SemiBold.ttf in Resources */,
				2112A8C0293B4C1B00129304 /* Roboto-Black.ttf in Resources */,
				216E2F3129384B38006FF871 /* OpenSans-Light.ttf in Resources */,
				216E2F3329384B38006FF871 /* OpenSans-Italic.ttf in Resources */,
				216E2F3529384B38006FF871 /* OpenSans-MediumItalic.ttf in Resources */,
				219F498B2945AB8E00FED3E5 /* GoogleService-Info.plist in Resources */,
				216E2F2D29384B38006FF871 /* OpenSans-SemiBoldItalic.ttf in Resources */,
				2112A8CA293B563000129304 /* Montserrat-Medium.ttf in Resources */,
				216E2F3429384B38006FF871 /* OpenSans-LightItalic.ttf in Resources */,
				214A0FF229379446002D2EE3 /* Preview Assets.xcassets in Resources */,
				214A0FEF29379446002D2EE3 /* Assets.xcassets in Resources */,
				216E2F3229384B38006FF871 /* OpenSans-BoldItalic.ttf in Resources */,
				2112A8C9293B563000129304 /* Montserrat-SemiBold.ttf in Resources */,
				2112A8CD293B563000129304 /* Montserrat-Black.ttf in Resources */,
				2112A8C1293B4C1B00129304 /* Roboto-Bold.ttf in Resources */,
				2112A8C2293B4C1B00129304 /* Roboto-Regular.ttf in Resources */,
				216E2F2E29384B38006FF871 /* OpenSans-Bold.ttf in Resources */,
				216E2F3629384B38006FF871 /* OpenSans-Regular.ttf in Resources */,
				2112A8CB293B563000129304 /* Montserrat-Bold.ttf in Resources */,
				2112A8D1293BA12F00129304 /* countries.json in Resources */,
				216E2F2C29384B38006FF871 /* OpenSans-ExtraBold.ttf in Resources */,
			);
			runOnlyForDeploymentPostprocessing = 0;
		};
/* End PBXResourcesBuildPhase section */

/* Begin PBXShellScriptBuildPhase section */
		7D96C23BF25FAD3B468EB64B /* [CP] Check Pods Manifest.lock */ = {
			isa = PBXShellScriptBuildPhase;
			buildActionMask = 2147483647;
			files = (
			);
			inputFileListPaths = (
			);
			inputPaths = (
				"${PODS_PODFILE_DIR_PATH}/Podfile.lock",
				"${PODS_ROOT}/Manifest.lock",
			);
			name = "[CP] Check Pods Manifest.lock";
			outputFileListPaths = (
			);
			outputPaths = (
				"$(DERIVED_FILE_DIR)/Pods-upwork-match-checkManifestLockResult.txt",
			);
			runOnlyForDeploymentPostprocessing = 0;
			shellPath = /bin/sh;
			shellScript = "diff \"${PODS_PODFILE_DIR_PATH}/Podfile.lock\" \"${PODS_ROOT}/Manifest.lock\" > /dev/null\nif [ $? != 0 ] ; then\n    # print error to STDERR\n    echo \"error: The sandbox is not in sync with the Podfile.lock. Run 'pod install' or update your CocoaPods installation.\" >&2\n    exit 1\nfi\n# This output is used by Xcode 'outputs' to avoid re-running this script phase.\necho \"SUCCESS\" > \"${SCRIPT_OUTPUT_FILE_0}\"\n";
			showEnvVarsInLog = 0;
		};
		CEDB1B6B2C8E5F22A8D54705 /* [CP] Embed Pods Frameworks */ = {
			isa = PBXShellScriptBuildPhase;
			buildActionMask = 2147483647;
			files = (
			);
			inputFileListPaths = (
				"${PODS_ROOT}/Target Support Files/Pods-upwork-match/Pods-upwork-match-frameworks-${CONFIGURATION}-input-files.xcfilelist",
			);
			name = "[CP] Embed Pods Frameworks";
			outputFileListPaths = (
				"${PODS_ROOT}/Target Support Files/Pods-upwork-match/Pods-upwork-match-frameworks-${CONFIGURATION}-output-files.xcfilelist",
			);
			runOnlyForDeploymentPostprocessing = 0;
			shellPath = /bin/sh;
			shellScript = "\"${PODS_ROOT}/Target Support Files/Pods-upwork-match/Pods-upwork-match-frameworks.sh\"\n";
			showEnvVarsInLog = 0;
		};
/* End PBXShellScriptBuildPhase section */

/* Begin PBXSourcesBuildPhase section */
		214A0FE329379445002D2EE3 /* Sources */ = {
			isa = PBXSourcesBuildPhase;
			buildActionMask = 2147483647;
			files = (
				2155A7DC293F90FB00E6D3DF /* PhotoItemView.swift in Sources */,
				21E41D242939A11000227BAA /* SignInViewModel.swift in Sources */,
				217273EF2940337E0069CD43 /* PhotoCropper.swift in Sources */,
				21E41D0C2938B57D00227BAA /* EditViewModel.swift in Sources */,
				2112A8DA293BA23600129304 /* CountyPicker.swift in Sources */,
				21E41D262939A61100227BAA /* AdaptsToKeyboard.swift in Sources */,
				21E41D312939C1C400227BAA /* PageControl.swift in Sources */,
				2112A8DE293C95E200129304 /* AnimationCompletionObserverModifier.swift in Sources */,
				2112A8AD293B2B6C00129304 /* ChatListView.swift in Sources */,
				214A100B29379AE8002D2EE3 /* SplashScreeViewModel.swift in Sources */,
				21E41D2F2939BFBF00227BAA /* SignupInfoView.swift in Sources */,
				214A100929379A6A002D2EE3 /* ProfileView.swift in Sources */,
				216E2F42293873EA006FF871 /* CustomAlert.swift in Sources */,
				214A0FFB2937948B002D2EE3 /* DiscoverView.swift in Sources */,
				2155A7E1293F90FB00E6D3DF /* ViewfinderView.swift in Sources */,
				2155A7DD293F90FB00E6D3DF /* PhotoAssetCollection.swift in Sources */,
				2112A8D6293BA17700129304 /* Country.swift in Sources */,
				2112A8E4293CC60500129304 /* PushNotiSettingView.swift in Sources */,
				2112A8B1293B310D00129304 /* ChatListModelView.swift in Sources */,
				214A100D2937A4A7002D2EE3 /* HomeViewModel.swift in Sources */,
				217273F42940337E0069CD43 /* OrientationFormatType.swift in Sources */,
				214A0FED29379445002D2EE3 /* ContentView.swift in Sources */,
				21E41D0E2938B5F600227BAA /* ImagePicker.swift in Sources */,
				2155A7D6293F90FB00E6D3DF /* PhotoCollection.swift in Sources */,
				21C723DE2938932200C4B961 /* MyPlusView.swift in Sources */,
				216E2F3E29385213006FF871 /* SwiftUISlider.swift in Sources */,
				2155A7DB293F90FB00E6D3DF /* DataModel.swift in Sources */,
				21E41D2029399F4A00227BAA /* InputPhoneNumberView.swift in Sources */,
				21E41D1C293995CF00227BAA /* CreateAccountView.swift in Sources */,
				2112A89E293AF0AE00129304 /* ZoomableScrollView.swift in Sources */,
				219F49812945980900FED3E5 /* KeychainItem.swift in Sources */,
				219F498D2945DBBA00FED3E5 /* DeleteAccountView.swift in Sources */,
				21E41D2D2939BF9C00227BAA /* SignupView.swift in Sources */,
				2112A89C293AEFD600129304 /* EditPhotoView.swift in Sources */,
				21E41D172938FC6400227BAA /* AppSetting.swift in Sources */,
				21872A6329418B0E0075829E /* ChatMessage.swift in Sources */,
				2155A7D9293F90FB00E6D3DF /* ThumbnailView.swift in Sources */,
				2112A8A8293AF82600129304 /* ImageModifier.swift in Sources */,
				214A1005293799CA002D2EE3 /* TabBarView.swift in Sources */,
				217273F32940337E0069CD43 /* UIImage+Extensions.swift in Sources */,
				217273F22940337E0069CD43 /* ViewSizeModel.swift in Sources */,
				2155A7E2293F90FB00E6D3DF /* PhotoCollectionView.swift in Sources */,
				217273F02940337E0069CD43 /* View+Extensions.swift in Sources */,
				2112A8B8293B4AFF00129304 /* Accessor.assets.swift in Sources */,
				216E2F402938596D006FF871 /* ProfileAndLikeView.swift in Sources */,
				219F49872945A4D300FED3E5 /* UserProfile.swift in Sources */,
				217273F12940337E0069CD43 /* ProfileImageModel.swift in Sources */,
				21E41D122938B99400227BAA /* CustomActionSheet.swift in Sources */,
				2155A7E3293F90FB00E6D3DF /* PhotoView.swift in Sources */,
				21E41D102938B63600227BAA /* Functions.swift in Sources */,
				2155A7D7293F90FB00E6D3DF /* PhotoAsset.swift in Sources */,
				21C723E229389D5D00C4B961 /* EditProfileView.swift in Sources */,
				21EBBEB0294073BF00398513 /* SinupImageView.swift in Sources */,
				21872A6129418ADD0075829E /* ChattingViewModel.swift in Sources */,
				21E41D192938FE2200227BAA /* SettingViewModel.swift in Sources */,
				2112A8DC293C45C900129304 /* CountryManager.swift in Sources */,
				219F498429459C5800FED3E5 /* SessionManager.swift in Sources */,
				21E41D332939C6E600227BAA /* SignUpViewModel.swift in Sources */,
				21872A75294234C20075829E /* PullToRefreshSwiftUI.swift in Sources */,
				214A10002937966E002D2EE3 /* Extentions.swift in Sources */,
				21E41D142938F8B800227BAA /* ReorderableForEach.swift in Sources */,
				217273F62940337E0069CD43 /* EnvironmentValues.swift in Sources */,
				2112A8E0293CBD6A00129304 /* ChatingView.swift in Sources */,
				2112A8A0293AF16500129304 /* Utilities.swift in Sources */,
				216E2F3C29384DD3006FF871 /* ProfileFilterSheet.swift in Sources */,
				219F49902945E23A00FED3E5 /* SubscriptionView.swift in Sources */,
				2155A7DE293F90FB00E6D3DF /* Camera.swift in Sources */,
				214A0FEB29379445002D2EE3 /* upwork_matchApp.swift in Sources */,
				2155A7D8293F90FB00E6D3DF /* CameraView.swift in Sources */,
				21872A5F294186630075829E /* ChattingTextEditor.swift in Sources */,
				21E41D1E293995DA00227BAA /* CreateAccountViewModel.swift in Sources */,
				2155A7DF293F90FB00E6D3DF /* PhotoLibrary.swift in Sources */,
				2112A8E2293CC05200129304 /* ChatingViewModel.swift in Sources */,
				214661462940E4C800101812 /* SignInView.swift in Sources */,
				2112A8B7293B4AFF00129304 /* Accessor.fonts.swift in Sources */,
				2112A8AA293B103D00129304 /* BirthdateViewModel.swift in Sources */,
				214A100F2937A99D002D2EE3 /* Profile.swift in Sources */,
				214A10152937B597002D2EE3 /* HomeView.swift in Sources */,
				214A0FFD2937963E002D2EE3 /* SplashScreenView.swift in Sources */,
				2155A7DA293F90FB00E6D3DF /* CachedImageManager.swift in Sources */,
				2112A899293A608C00129304 /* WellcomeView.swift in Sources */,
				2112A8AF293B30AA00129304 /* Chat.swift in Sources */,
				216E2F3A29384CD8006FF871 /* BottomSheet.swift in Sources */,
				214A100229379693002D2EE3 /* Constant.swift in Sources */,
				21C723E029389AF200C4B961 /* SettingsView.swift in Sources */,
				2112A8BA293B4B2900129304 /* AppDelegate.swift in Sources */,
			);
			runOnlyForDeploymentPostprocessing = 0;
		};
/* End PBXSourcesBuildPhase section */

/* Begin XCBuildConfiguration section */
		214A0FF329379446002D2EE3 /* Debug */ = {
			isa = XCBuildConfiguration;
			buildSettings = {
				ALWAYS_SEARCH_USER_PATHS = NO;
				CLANG_ANALYZER_NONNULL = YES;
				CLANG_ANALYZER_NUMBER_OBJECT_CONVERSION = YES_AGGRESSIVE;
				CLANG_CXX_LANGUAGE_STANDARD = "gnu++17";
				CLANG_ENABLE_MODULES = YES;
				CLANG_ENABLE_OBJC_ARC = YES;
				CLANG_ENABLE_OBJC_WEAK = YES;
				CLANG_WARN_BLOCK_CAPTURE_AUTORELEASING = YES;
				CLANG_WARN_BOOL_CONVERSION = YES;
				CLANG_WARN_COMMA = YES;
				CLANG_WARN_CONSTANT_CONVERSION = YES;
				CLANG_WARN_DEPRECATED_OBJC_IMPLEMENTATIONS = YES;
				CLANG_WARN_DIRECT_OBJC_ISA_USAGE = YES_ERROR;
				CLANG_WARN_DOCUMENTATION_COMMENTS = YES;
				CLANG_WARN_EMPTY_BODY = YES;
				CLANG_WARN_ENUM_CONVERSION = YES;
				CLANG_WARN_INFINITE_RECURSION = YES;
				CLANG_WARN_INT_CONVERSION = YES;
				CLANG_WARN_NON_LITERAL_NULL_CONVERSION = YES;
				CLANG_WARN_OBJC_IMPLICIT_RETAIN_SELF = YES;
				CLANG_WARN_OBJC_LITERAL_CONVERSION = YES;
				CLANG_WARN_OBJC_ROOT_CLASS = YES_ERROR;
				CLANG_WARN_QUOTED_INCLUDE_IN_FRAMEWORK_HEADER = YES;
				CLANG_WARN_RANGE_LOOP_ANALYSIS = YES;
				CLANG_WARN_STRICT_PROTOTYPES = YES;
				CLANG_WARN_SUSPICIOUS_MOVE = YES;
				CLANG_WARN_UNGUARDED_AVAILABILITY = YES_AGGRESSIVE;
				CLANG_WARN_UNREACHABLE_CODE = YES;
				CLANG_WARN__DUPLICATE_METHOD_MATCH = YES;
				COPY_PHASE_STRIP = NO;
				DEBUG_INFORMATION_FORMAT = dwarf;
				ENABLE_STRICT_OBJC_MSGSEND = YES;
				ENABLE_TESTABILITY = YES;
				GCC_C_LANGUAGE_STANDARD = gnu11;
				GCC_DYNAMIC_NO_PIC = NO;
				GCC_NO_COMMON_BLOCKS = YES;
				GCC_OPTIMIZATION_LEVEL = 0;
				GCC_PREPROCESSOR_DEFINITIONS = (
					"DEBUG=1",
					"$(inherited)",
				);
				GCC_WARN_64_TO_32_BIT_CONVERSION = YES;
				GCC_WARN_ABOUT_RETURN_TYPE = YES_ERROR;
				GCC_WARN_UNDECLARED_SELECTOR = YES;
				GCC_WARN_UNINITIALIZED_AUTOS = YES_AGGRESSIVE;
				GCC_WARN_UNUSED_FUNCTION = YES;
				GCC_WARN_UNUSED_VARIABLE = YES;
				IPHONEOS_DEPLOYMENT_TARGET = 15.4;
				MTL_ENABLE_DEBUG_INFO = INCLUDE_SOURCE;
				MTL_FAST_MATH = YES;
				ONLY_ACTIVE_ARCH = YES;
				SDKROOT = iphoneos;
				SWIFT_ACTIVE_COMPILATION_CONDITIONS = DEBUG;
				SWIFT_OPTIMIZATION_LEVEL = "-Onone";
			};
			name = Debug;
		};
		214A0FF429379446002D2EE3 /* Release */ = {
			isa = XCBuildConfiguration;
			buildSettings = {
				ALWAYS_SEARCH_USER_PATHS = NO;
				CLANG_ANALYZER_NONNULL = YES;
				CLANG_ANALYZER_NUMBER_OBJECT_CONVERSION = YES_AGGRESSIVE;
				CLANG_CXX_LANGUAGE_STANDARD = "gnu++17";
				CLANG_ENABLE_MODULES = YES;
				CLANG_ENABLE_OBJC_ARC = YES;
				CLANG_ENABLE_OBJC_WEAK = YES;
				CLANG_WARN_BLOCK_CAPTURE_AUTORELEASING = YES;
				CLANG_WARN_BOOL_CONVERSION = YES;
				CLANG_WARN_COMMA = YES;
				CLANG_WARN_CONSTANT_CONVERSION = YES;
				CLANG_WARN_DEPRECATED_OBJC_IMPLEMENTATIONS = YES;
				CLANG_WARN_DIRECT_OBJC_ISA_USAGE = YES_ERROR;
				CLANG_WARN_DOCUMENTATION_COMMENTS = YES;
				CLANG_WARN_EMPTY_BODY = YES;
				CLANG_WARN_ENUM_CONVERSION = YES;
				CLANG_WARN_INFINITE_RECURSION = YES;
				CLANG_WARN_INT_CONVERSION = YES;
				CLANG_WARN_NON_LITERAL_NULL_CONVERSION = YES;
				CLANG_WARN_OBJC_IMPLICIT_RETAIN_SELF = YES;
				CLANG_WARN_OBJC_LITERAL_CONVERSION = YES;
				CLANG_WARN_OBJC_ROOT_CLASS = YES_ERROR;
				CLANG_WARN_QUOTED_INCLUDE_IN_FRAMEWORK_HEADER = YES;
				CLANG_WARN_RANGE_LOOP_ANALYSIS = YES;
				CLANG_WARN_STRICT_PROTOTYPES = YES;
				CLANG_WARN_SUSPICIOUS_MOVE = YES;
				CLANG_WARN_UNGUARDED_AVAILABILITY = YES_AGGRESSIVE;
				CLANG_WARN_UNREACHABLE_CODE = YES;
				CLANG_WARN__DUPLICATE_METHOD_MATCH = YES;
				COPY_PHASE_STRIP = NO;
				DEBUG_INFORMATION_FORMAT = "dwarf-with-dsym";
				ENABLE_NS_ASSERTIONS = NO;
				ENABLE_STRICT_OBJC_MSGSEND = YES;
				GCC_C_LANGUAGE_STANDARD = gnu11;
				GCC_NO_COMMON_BLOCKS = YES;
				GCC_WARN_64_TO_32_BIT_CONVERSION = YES;
				GCC_WARN_ABOUT_RETURN_TYPE = YES_ERROR;
				GCC_WARN_UNDECLARED_SELECTOR = YES;
				GCC_WARN_UNINITIALIZED_AUTOS = YES_AGGRESSIVE;
				GCC_WARN_UNUSED_FUNCTION = YES;
				GCC_WARN_UNUSED_VARIABLE = YES;
				IPHONEOS_DEPLOYMENT_TARGET = 15.4;
				MTL_ENABLE_DEBUG_INFO = NO;
				MTL_FAST_MATH = YES;
				SDKROOT = iphoneos;
				SWIFT_COMPILATION_MODE = wholemodule;
				SWIFT_OPTIMIZATION_LEVEL = "-O";
				VALIDATE_PRODUCT = YES;
			};
			name = Release;
		};
		214A0FF629379446002D2EE3 /* Debug */ = {
			isa = XCBuildConfiguration;
			baseConfigurationReference = 198805F99E61F2A1200FBD7F /* Pods-upwork-match.debug.xcconfig */;
			buildSettings = {
				ASSETCATALOG_COMPILER_APPICON_NAME = AppIcon;
				ASSETCATALOG_COMPILER_GLOBAL_ACCENT_COLOR_NAME = AccentColor;
				CODE_SIGN_ENTITLEMENTS = "upwork-match/upwork-match.entitlements";
				CODE_SIGN_STYLE = Automatic;
				CURRENT_PROJECT_VERSION = 1;
				DEVELOPMENT_ASSET_PATHS = "\"upwork-match/Preview Content\"";
				DEVELOPMENT_TEAM = F59XSVKP6X;
				ENABLE_BITCODE = NO;
				ENABLE_PREVIEWS = YES;
				GENERATE_INFOPLIST_FILE = YES;
				INFOPLIST_FILE = "upwork-match/Info.plist";
				INFOPLIST_KEY_NSCameraUsageDescription = "NSCamera Usage Description";
				INFOPLIST_KEY_NSPhotoLibraryUsageDescription = "NSPhotoLibrary Usage Description";
				INFOPLIST_KEY_UIApplicationSceneManifest_Generation = YES;
				INFOPLIST_KEY_UIApplicationSupportsIndirectInputEvents = YES;
				INFOPLIST_KEY_UILaunchScreen_Generation = YES;
				INFOPLIST_KEY_UISupportedInterfaceOrientations = UIInterfaceOrientationPortrait;
				INFOPLIST_KEY_UISupportedInterfaceOrientations_iPad = "UIInterfaceOrientationPortrait UIInterfaceOrientationPortraitUpsideDown UIInterfaceOrientationLandscapeLeft UIInterfaceOrientationLandscapeRight";
				INFOPLIST_KEY_UISupportedInterfaceOrientations_iPhone = "UIInterfaceOrientationPortrait UIInterfaceOrientationLandscapeLeft UIInterfaceOrientationLandscapeRight";
				IPHONEOS_DEPLOYMENT_TARGET = 15.0;
				LD_RUNPATH_SEARCH_PATHS = (
					"$(inherited)",
					"@executable_path/Frameworks",
				);
				MARKETING_VERSION = 1.0;
				PRODUCT_BUNDLE_IDENTIFIER = "co.vulcanlabs.co.upwork-match";
				PRODUCT_NAME = "$(TARGET_NAME)";
				SWIFT_EMIT_LOC_STRINGS = YES;
				SWIFT_VERSION = 5.0;
				TARGETED_DEVICE_FAMILY = 1;
			};
			name = Debug;
		};
		214A0FF729379446002D2EE3 /* Release */ = {
			isa = XCBuildConfiguration;
			baseConfigurationReference = 15CF094A280091D49C22400A /* Pods-upwork-match.release.xcconfig */;
			buildSettings = {
				ASSETCATALOG_COMPILER_APPICON_NAME = AppIcon;
				ASSETCATALOG_COMPILER_GLOBAL_ACCENT_COLOR_NAME = AccentColor;
				CODE_SIGN_ENTITLEMENTS = "upwork-match/upwork-match.entitlements";
				CODE_SIGN_STYLE = Automatic;
				CURRENT_PROJECT_VERSION = 1;
				DEVELOPMENT_ASSET_PATHS = "\"upwork-match/Preview Content\"";
				DEVELOPMENT_TEAM = F59XSVKP6X;
				ENABLE_BITCODE = NO;
				ENABLE_PREVIEWS = YES;
				GENERATE_INFOPLIST_FILE = YES;
				INFOPLIST_FILE = "upwork-match/Info.plist";
				INFOPLIST_KEY_NSCameraUsageDescription = "NSCamera Usage Description";
				INFOPLIST_KEY_NSPhotoLibraryUsageDescription = "NSPhotoLibrary Usage Description";
				INFOPLIST_KEY_UIApplicationSceneManifest_Generation = YES;
				INFOPLIST_KEY_UIApplicationSupportsIndirectInputEvents = YES;
				INFOPLIST_KEY_UILaunchScreen_Generation = YES;
				INFOPLIST_KEY_UISupportedInterfaceOrientations = UIInterfaceOrientationPortrait;
				INFOPLIST_KEY_UISupportedInterfaceOrientations_iPad = "UIInterfaceOrientationPortrait UIInterfaceOrientationPortraitUpsideDown UIInterfaceOrientationLandscapeLeft UIInterfaceOrientationLandscapeRight";
				INFOPLIST_KEY_UISupportedInterfaceOrientations_iPhone = "UIInterfaceOrientationPortrait UIInterfaceOrientationLandscapeLeft UIInterfaceOrientationLandscapeRight";
				IPHONEOS_DEPLOYMENT_TARGET = 15.0;
				LD_RUNPATH_SEARCH_PATHS = (
					"$(inherited)",
					"@executable_path/Frameworks",
				);
				MARKETING_VERSION = 1.0;
				PRODUCT_BUNDLE_IDENTIFIER = "co.vulcanlabs.co.upwork-match";
				PRODUCT_NAME = "$(TARGET_NAME)";
				SWIFT_EMIT_LOC_STRINGS = YES;
				SWIFT_VERSION = 5.0;
				TARGETED_DEVICE_FAMILY = 1;
			};
			name = Release;
		};
/* End XCBuildConfiguration section */

/* Begin XCConfigurationList section */
		214A0FE229379445002D2EE3 /* Build configuration list for PBXProject "upwork-match" */ = {
			isa = XCConfigurationList;
			buildConfigurations = (
				214A0FF329379446002D2EE3 /* Debug */,
				214A0FF429379446002D2EE3 /* Release */,
			);
			defaultConfigurationIsVisible = 0;
			defaultConfigurationName = Release;
		};
		214A0FF529379446002D2EE3 /* Build configuration list for PBXNativeTarget "upwork-match" */ = {
			isa = XCConfigurationList;
			buildConfigurations = (
				214A0FF629379446002D2EE3 /* Debug */,
				214A0FF729379446002D2EE3 /* Release */,
			);
			defaultConfigurationIsVisible = 0;
			defaultConfigurationName = Release;
		};
/* End XCConfigurationList section */

/* Begin XCRemoteSwiftPackageReference section */
		2112A8E5293CDFEA00129304 /* XCRemoteSwiftPackageReference "firebase-ios-sdk" */ = {
			isa = XCRemoteSwiftPackageReference;
			repositoryURL = "https://github.com/firebase/firebase-ios-sdk";
			requirement = {
				branch = master;
				kind = branch;
			};
		};
		214A10102937AA63002D2EE3 /* XCRemoteSwiftPackageReference "SDWebImageSwiftUI" */ = {
			isa = XCRemoteSwiftPackageReference;
			repositoryURL = "https://github.com/SDWebImage/SDWebImageSwiftUI.git";
			requirement = {
				kind = upToNextMajorVersion;
				minimumVersion = 2.0.0;
			};
		};
/* End XCRemoteSwiftPackageReference section */

/* Begin XCSwiftPackageProductDependency section */
		2112A8E6293CDFEA00129304 /* FirebaseAnalyticsSwift */ = {
			isa = XCSwiftPackageProductDependency;
			package = 2112A8E5293CDFEA00129304 /* XCRemoteSwiftPackageReference "firebase-ios-sdk" */;
			productName = FirebaseAnalyticsSwift;
		};
		2112A8E8293CDFEA00129304 /* FirebaseAuth */ = {
			isa = XCSwiftPackageProductDependency;
			package = 2112A8E5293CDFEA00129304 /* XCRemoteSwiftPackageReference "firebase-ios-sdk" */;
			productName = FirebaseAuth;
		};
		2112A8EA293CDFEA00129304 /* FirebaseDatabaseSwift */ = {
			isa = XCSwiftPackageProductDependency;
			package = 2112A8E5293CDFEA00129304 /* XCRemoteSwiftPackageReference "firebase-ios-sdk" */;
			productName = FirebaseDatabaseSwift;
		};
		2112A8EC293CDFEA00129304 /* FirebaseFirestoreSwift */ = {
			isa = XCSwiftPackageProductDependency;
			package = 2112A8E5293CDFEA00129304 /* XCRemoteSwiftPackageReference "firebase-ios-sdk" */;
			productName = FirebaseFirestoreSwift;
		};
		2112A8EE293CDFEA00129304 /* FirebaseMessaging */ = {
			isa = XCSwiftPackageProductDependency;
			package = 2112A8E5293CDFEA00129304 /* XCRemoteSwiftPackageReference "firebase-ios-sdk" */;
			productName = FirebaseMessaging;
		};
		2112A8F0293CDFEA00129304 /* FirebaseStorage */ = {
			isa = XCSwiftPackageProductDependency;
			package = 2112A8E5293CDFEA00129304 /* XCRemoteSwiftPackageReference "firebase-ios-sdk" */;
			productName = FirebaseStorage;
		};
		214A10112937AA63002D2EE3 /* SDWebImageSwiftUI */ = {
			isa = XCSwiftPackageProductDependency;
			package = 214A10102937AA63002D2EE3 /* XCRemoteSwiftPackageReference "SDWebImageSwiftUI" */;
			productName = SDWebImageSwiftUI;
		};
/* End XCSwiftPackageProductDependency section */
	};
	rootObject = 214A0FDF29379445002D2EE3 /* Project object */;
}
